<?xml version="1.0" encoding="UTF-8"?>
<Project ToolsVersion="12.0" xmlns="http://schemas.microsoft.com/developer/msbuild/2003">
  <ItemGroup>
    <ClCompile Include="D:\ChronoCode\chrono\src\demos\irrlicht\demo_gears.cpp">
      <Filter>demos\irrlicht</Filter>
    </ClCompile>
  </ItemGroup>
  <ItemGroup>
    <CustomBuild Include="D:\ChronoCode\chrono\src\demos\irrlicht\CMakeLists.txt" />
  </ItemGroup>
  <ItemGroup>
    <Filter Include="demos\irrlicht">
      <UniqueIdentifier>{C65271AF-3E15-45A7-84C9-1CAA82532C84}</UniqueIdentifier>
    </Filter>
    <Filter Include="demos">
      <UniqueIdentifier>{646B1846-7010-4623-AD13-0BDB6C9ABCFB}</UniqueIdentifier>
    </Filter>
  </ItemGroup>
</Project>
