<?xml version="1.0" encoding="UTF-8"?>
<Project ToolsVersion="12.0" xmlns="http://schemas.microsoft.com/developer/msbuild/2003">
  <ItemGroup>
    <CustomBuild Include="D:\ChronoCode\chrono_build\CMakeFiles\e5271035146d8eb13bf065d40a78f938\INSTALL_force.rule">
      <Filter>CMake Rules</Filter>
    </CustomBuild>
  </ItemGroup>
  <ItemGroup>
    <Filter Include="CMake Rules">
      <UniqueIdentifier>{292734AE-EB12-4AC0-8C57-20BBD61059C8}</UniqueIdentifier>
    </Filter>
  </ItemGroup>
</Project>
