Microsoft Visual Studio Solution File, Format Version 12.00
# Visual Studio Express 2013 for Windows Desktop
Project("{8BC9CEB8-8B4A-11D0-8D11-00A0C91BC942}") = "ALL_BUILD", "ALL_BUILD.vcxproj", "{53A056AA-8F3D-4E4D-BDAC-22242D240F2A}"
	ProjectSection(ProjectDependencies) = postProject
		{AEC1B43A-9E72-4AC8-A924-86C6F8210062} = {AEC1B43A-9E72-4AC8-A924-86C6F8210062}
		{377A43D2-B1AB-4CD0-8BC2-0B536DB54E4E} = {377A43D2-B1AB-4CD0-8BC2-0B536DB54E4E}
		{C20CB503-C8D5-4F3F-9272-55629F6125B7} = {C20CB503-C8D5-4F3F-9272-55629F6125B7}
		{97D89648-11E9-4FAC-ACF1-F49141036F12} = {97D89648-11E9-4FAC-ACF1-F49141036F12}
		{9715AB62-B7C4-44C0-8380-8920E6E12BD5} = {9715AB62-B7C4-44C0-8380-8920E6E12BD5}
		{3BAC3048-8C0E-4AFC-B7BD-6A0EE28289E9} = {3BAC3048-8C0E-4AFC-B7BD-6A0EE28289E9}
		{4C8C0367-5407-4636-9AB4-3B194491C608} = {4C8C0367-5407-4636-9AB4-3B194491C608}
		{61C2CC1B-AE63-43E3-A334-3C3C6E6BE2E5} = {61C2CC1B-AE63-43E3-A334-3C3C6E6BE2E5}
		{C07D5947-FF64-45F3-A5CD-C10D03BC64BF} = {C07D5947-FF64-45F3-A5CD-C10D03BC64BF}
		{8C846810-55E5-44D7-BF8D-9CE1D1DDD7FE} = {8C846810-55E5-44D7-BF8D-9CE1D1DDD7FE}
		{AE37456D-3BB3-482A-BCD9-9C12CC46E282} = {AE37456D-3BB3-482A-BCD9-9C12CC46E282}
		{4B4648B2-A082-4ED2-B08A-2C36CA72BD74} = {4B4648B2-A082-4ED2-B08A-2C36CA72BD74}
		{D8D42A4C-E545-430B-9066-81F88B5DAB4B} = {D8D42A4C-E545-430B-9066-81F88B5DAB4B}
		{24A1A78F-8E7C-496D-8DFB-F2B828B891E1} = {24A1A78F-8E7C-496D-8DFB-F2B828B891E1}
		{AB7974D6-1216-469A-9ED6-52B013444E1B} = {AB7974D6-1216-469A-9ED6-52B013444E1B}
		{3AE8BB17-06D4-482E-AEDB-04509C5CBABD} = {3AE8BB17-06D4-482E-AEDB-04509C5CBABD}
		{FE01A64A-897B-4510-AABC-DAB45E812AD5} = {FE01A64A-897B-4510-AABC-DAB45E812AD5}
		{1957DAE4-BAB9-4FCE-88EA-038D25BB8283} = {1957DAE4-BAB9-4FCE-88EA-038D25BB8283}
		{F66EA029-BCF0-4B2F-96A6-F11B2EDB933E} = {F66EA029-BCF0-4B2F-96A6-F11B2EDB933E}
		{B3369A83-7B52-40FA-975A-DBED8A0DDE3F} = {B3369A83-7B52-40FA-975A-DBED8A0DDE3F}
		{AFB57516-7BDD-4EA4-B68B-9EA995710EF3} = {AFB57516-7BDD-4EA4-B68B-9EA995710EF3}
		{D8B95CE8-9074-4B30-A705-3692167C6CE9} = {D8B95CE8-9074-4B30-A705-3692167C6CE9}
		{44447C4A-C74A-4B3E-BD93-23A123B6E69B} = {44447C4A-C74A-4B3E-BD93-23A123B6E69B}
		{F1ACC4BC-D2E1-4270-A1E6-A04BEC6C3836} = {F1ACC4BC-D2E1-4270-A1E6-A04BEC6C3836}
		{E71A4E19-C203-481E-8DB4-D5903F581C34} = {E71A4E19-C203-481E-8DB4-D5903F581C34}
		{DEDDD6E9-598D-4998-942F-2A1A06B86DEF} = {DEDDD6E9-598D-4998-942F-2A1A06B86DEF}
		{AB6125BD-B5BC-466B-9A5B-D3EE71727ED1} = {AB6125BD-B5BC-466B-9A5B-D3EE71727ED1}
		{9E681D23-2CDC-402D-8A01-C861452950B8} = {9E681D23-2CDC-402D-8A01-C861452950B8}
		{2F9960F9-FA32-4D1F-B21D-B8727162B9ED} = {2F9960F9-FA32-4D1F-B21D-B8727162B9ED}
		{E79F6E13-14C6-44F8-AA9C-6053D6FE7685} = {E79F6E13-14C6-44F8-AA9C-6053D6FE7685}
		{E0A0F8C4-37B3-4B4B-B624-4415E7B16AF6} = {E0A0F8C4-37B3-4B4B-B624-4415E7B16AF6}
		{DD10A0D2-0EDC-4A32-8EA7-64D6464F9798} = {DD10A0D2-0EDC-4A32-8EA7-64D6464F9798}
		{B1EC0EBA-7AC3-47D4-83FF-07A9B0D5DE6F} = {B1EC0EBA-7AC3-47D4-83FF-07A9B0D5DE6F}
		{4C9F2DF0-2FE4-4204-8CC7-159751A9A0B2} = {4C9F2DF0-2FE4-4204-8CC7-159751A9A0B2}
		{F9227F9A-E192-4274-B011-BEADDA155F3B} = {F9227F9A-E192-4274-B011-BEADDA155F3B}
		{0A48D881-D876-40B2-A3F9-E9E8F855999D} = {0A48D881-D876-40B2-A3F9-E9E8F855999D}
	EndProjectSection
EndProject
Project("{8BC9CEB8-8B4A-11D0-8D11-00A0C91BC942}") = "ChronoEngine", "ChronoEngine.vcxproj", "{AEC1B43A-9E72-4AC8-A924-86C6F8210062}"
	ProjectSection(ProjectDependencies) = postProject
		{C20CB503-C8D5-4F3F-9272-55629F6125B7} = {C20CB503-C8D5-4F3F-9272-55629F6125B7}
	EndProjectSection
EndProject
Project("{8BC9CEB8-8B4A-11D0-8D11-00A0C91BC942}") = "ConsoleApplication1", "demos\irrlicht\ConsoleApplication1.vcxproj", "{377A43D2-B1AB-4CD0-8BC2-0B536DB54E4E}"
	ProjectSection(ProjectDependencies) = postProject
		{AEC1B43A-9E72-4AC8-A924-86C6F8210062} = {AEC1B43A-9E72-4AC8-A924-86C6F8210062}
		{C20CB503-C8D5-4F3F-9272-55629F6125B7} = {C20CB503-C8D5-4F3F-9272-55629F6125B7}
	EndProjectSection
EndProject
Project("{8BC9CEB8-8B4A-11D0-8D11-00A0C91BC942}") = "INSTALL", "INSTALL.vcxproj", "{A2C91C4E-7AB8-47D7-86C6-5C9A318CF3FB}"
	ProjectSection(ProjectDependencies) = postProject
		{53A056AA-8F3D-4E4D-BDAC-22242D240F2A} = {53A056AA-8F3D-4E4D-BDAC-22242D240F2A}
	EndProjectSection
EndProject
Project("{8BC9CEB8-8B4A-11D0-8D11-00A0C91BC942}") = "PACKAGE", "PACKAGE.vcxproj", "{558293E6-5E62-4997-A760-CCF11FC28500}"
	ProjectSection(ProjectDependencies) = postProject
		{53A056AA-8F3D-4E4D-BDAC-22242D240F2A} = {53A056AA-8F3D-4E4D-BDAC-22242D240F2A}
	EndProjectSection
EndProject
Project("{8BC9CEB8-8B4A-11D0-8D11-00A0C91BC942}") = "RUN_TESTS", "RUN_TESTS.vcxproj", "{11103BC9-4FE4-4B23-A459-F45F294D11ED}"
	ProjectSection(ProjectDependencies) = postProject
	EndProjectSection
EndProject
Project("{8BC9CEB8-8B4A-11D0-8D11-00A0C91BC942}") = "ZERO_CHECK", "ZERO_CHECK.vcxproj", "{C20CB503-C8D5-4F3F-9272-55629F6125B7}"
	ProjectSection(ProjectDependencies) = postProject
	EndProjectSection
EndProject
Project("{8BC9CEB8-8B4A-11D0-8D11-00A0C91BC942}") = "cone", "demos\irrlicht\cone.vcxproj", "{97D89648-11E9-4FAC-ACF1-F49141036F12}"
	ProjectSection(ProjectDependencies) = postProject
		{AEC1B43A-9E72-4AC8-A924-86C6F8210062} = {AEC1B43A-9E72-4AC8-A924-86C6F8210062}
		{C20CB503-C8D5-4F3F-9272-55629F6125B7} = {C20CB503-C8D5-4F3F-9272-55629F6125B7}
	EndProjectSection
EndProject
Project("{8BC9CEB8-8B4A-11D0-8D11-00A0C91BC942}") = "demo_LCPsolver", "demos\lcp_solver\demo_LCPsolver.vcxproj", "{9715AB62-B7C4-44C0-8380-8920E6E12BD5}"
	ProjectSection(ProjectDependencies) = postProject
		{AEC1B43A-9E72-4AC8-A924-86C6F8210062} = {AEC1B43A-9E72-4AC8-A924-86C6F8210062}
		{C20CB503-C8D5-4F3F-9272-55629F6125B7} = {C20CB503-C8D5-4F3F-9272-55629F6125B7}
	EndProjectSection
EndProject
Project("{8BC9CEB8-8B4A-11D0-8D11-00A0C91BC942}") = "demo_ballDEM", "demos\irrlicht\demo_ballDEM.vcxproj", "{3BAC3048-8C0E-4AFC-B7BD-6A0EE28289E9}"
	ProjectSection(ProjectDependencies) = postProject
		{AEC1B43A-9E72-4AC8-A924-86C6F8210062} = {AEC1B43A-9E72-4AC8-A924-86C6F8210062}
		{C20CB503-C8D5-4F3F-9272-55629F6125B7} = {C20CB503-C8D5-4F3F-9272-55629F6125B7}
	EndProjectSection
EndProject
Project("{8BC9CEB8-8B4A-11D0-8D11-00A0C91BC942}") = "demo_benchmark", "demos\irrlicht\demo_benchmark.vcxproj", "{4C8C0367-5407-4636-9AB4-3B194491C608}"
	ProjectSection(ProjectDependencies) = postProject
		{AEC1B43A-9E72-4AC8-A924-86C6F8210062} = {AEC1B43A-9E72-4AC8-A924-86C6F8210062}
		{C20CB503-C8D5-4F3F-9272-55629F6125B7} = {C20CB503-C8D5-4F3F-9272-55629F6125B7}
	EndProjectSection
EndProject
Project("{8BC9CEB8-8B4A-11D0-8D11-00A0C91BC942}") = "demo_bricks", "demos\irrlicht\demo_bricks.vcxproj", "{61C2CC1B-AE63-43E3-A334-3C3C6E6BE2E5}"
	ProjectSection(ProjectDependencies) = postProject
		{AEC1B43A-9E72-4AC8-A924-86C6F8210062} = {AEC1B43A-9E72-4AC8-A924-86C6F8210062}
		{C20CB503-C8D5-4F3F-9272-55629F6125B7} = {C20CB503-C8D5-4F3F-9272-55629F6125B7}
	EndProjectSection
EndProject
Project("{8BC9CEB8-8B4A-11D0-8D11-00A0C91BC942}") = "demo_buildsystem", "demos\basics\demo_buildsystem.vcxproj", "{C07D5947-FF64-45F3-A5CD-C10D03BC64BF}"
	ProjectSection(ProjectDependencies) = postProject
		{AEC1B43A-9E72-4AC8-A924-86C6F8210062} = {AEC1B43A-9E72-4AC8-A924-86C6F8210062}
		{C20CB503-C8D5-4F3F-9272-55629F6125B7} = {C20CB503-C8D5-4F3F-9272-55629F6125B7}
	EndProjectSection
EndProject
Project("{8BC9CEB8-8B4A-11D0-8D11-00A0C91BC942}") = "demo_chfunctions", "demos\basics\demo_chfunctions.vcxproj", "{8C846810-55E5-44D7-BF8D-9CE1D1DDD7FE}"
	ProjectSection(ProjectDependencies) = postProject
		{AEC1B43A-9E72-4AC8-A924-86C6F8210062} = {AEC1B43A-9E72-4AC8-A924-86C6F8210062}
		{C20CB503-C8D5-4F3F-9272-55629F6125B7} = {C20CB503-C8D5-4F3F-9272-55629F6125B7}
	EndProjectSection
EndProject
Project("{8BC9CEB8-8B4A-11D0-8D11-00A0C91BC942}") = "demo_cohesion", "demos\irrlicht\demo_cohesion.vcxproj", "{AE37456D-3BB3-482A-BCD9-9C12CC46E282}"
	ProjectSection(ProjectDependencies) = postProject
		{AEC1B43A-9E72-4AC8-A924-86C6F8210062} = {AEC1B43A-9E72-4AC8-A924-86C6F8210062}
		{C20CB503-C8D5-4F3F-9272-55629F6125B7} = {C20CB503-C8D5-4F3F-9272-55629F6125B7}
	EndProjectSection
EndProject
Project("{8BC9CEB8-8B4A-11D0-8D11-00A0C91BC942}") = "demo_collision", "demos\irrlicht\demo_collision.vcxproj", "{4B4648B2-A082-4ED2-B08A-2C36CA72BD74}"
	ProjectSection(ProjectDependencies) = postProject
		{AEC1B43A-9E72-4AC8-A924-86C6F8210062} = {AEC1B43A-9E72-4AC8-A924-86C6F8210062}
		{C20CB503-C8D5-4F3F-9272-55629F6125B7} = {C20CB503-C8D5-4F3F-9272-55629F6125B7}
	EndProjectSection
EndProject
Project("{8BC9CEB8-8B4A-11D0-8D11-00A0C91BC942}") = "demo_collisionDEM", "demos\irrlicht\demo_collisionDEM.vcxproj", "{D8D42A4C-E545-430B-9066-81F88B5DAB4B}"
	ProjectSection(ProjectDependencies) = postProject
		{AEC1B43A-9E72-4AC8-A924-86C6F8210062} = {AEC1B43A-9E72-4AC8-A924-86C6F8210062}
		{C20CB503-C8D5-4F3F-9272-55629F6125B7} = {C20CB503-C8D5-4F3F-9272-55629F6125B7}
	EndProjectSection
EndProject
Project("{8BC9CEB8-8B4A-11D0-8D11-00A0C91BC942}") = "demo_convergence", "demos\irrlicht\demo_convergence.vcxproj", "{24A1A78F-8E7C-496D-8DFB-F2B828B891E1}"
	ProjectSection(ProjectDependencies) = postProject
		{AEC1B43A-9E72-4AC8-A924-86C6F8210062} = {AEC1B43A-9E72-4AC8-A924-86C6F8210062}
		{C20CB503-C8D5-4F3F-9272-55629F6125B7} = {C20CB503-C8D5-4F3F-9272-55629F6125B7}
	EndProjectSection
EndProject
Project("{8BC9CEB8-8B4A-11D0-8D11-00A0C91BC942}") = "demo_conveyor", "demos\irrlicht\demo_conveyor.vcxproj", "{AB7974D6-1216-469A-9ED6-52B013444E1B}"
	ProjectSection(ProjectDependencies) = postProject
		{AEC1B43A-9E72-4AC8-A924-86C6F8210062} = {AEC1B43A-9E72-4AC8-A924-86C6F8210062}
		{C20CB503-C8D5-4F3F-9272-55629F6125B7} = {C20CB503-C8D5-4F3F-9272-55629F6125B7}
	EndProjectSection
EndProject
Project("{8BC9CEB8-8B4A-11D0-8D11-00A0C91BC942}") = "demo_coords", "demos\core\demo_coords.vcxproj", "{3AE8BB17-06D4-482E-AEDB-04509C5CBABD}"
	ProjectSection(ProjectDependencies) = postProject
		{AEC1B43A-9E72-4AC8-A924-86C6F8210062} = {AEC1B43A-9E72-4AC8-A924-86C6F8210062}
		{C20CB503-C8D5-4F3F-9272-55629F6125B7} = {C20CB503-C8D5-4F3F-9272-55629F6125B7}
	EndProjectSection
EndProject
Project("{8BC9CEB8-8B4A-11D0-8D11-00A0C91BC942}") = "demo_crank", "demos\irrlicht\demo_crank.vcxproj", "{FE01A64A-897B-4510-AABC-DAB45E812AD5}"
	ProjectSection(ProjectDependencies) = postProject
		{AEC1B43A-9E72-4AC8-A924-86C6F8210062} = {AEC1B43A-9E72-4AC8-A924-86C6F8210062}
		{C20CB503-C8D5-4F3F-9272-55629F6125B7} = {C20CB503-C8D5-4F3F-9272-55629F6125B7}
	EndProjectSection
EndProject
Project("{8BC9CEB8-8B4A-11D0-8D11-00A0C91BC942}") = "demo_decomposition", "demos\irrlicht\demo_decomposition.vcxproj", "{1957DAE4-BAB9-4FCE-88EA-038D25BB8283}"
	ProjectSection(ProjectDependencies) = postProject
		{AEC1B43A-9E72-4AC8-A924-86C6F8210062} = {AEC1B43A-9E72-4AC8-A924-86C6F8210062}
		{C20CB503-C8D5-4F3F-9272-55629F6125B7} = {C20CB503-C8D5-4F3F-9272-55629F6125B7}
	EndProjectSection
EndProject
Project("{8BC9CEB8-8B4A-11D0-8D11-00A0C91BC942}") = "demo_emit_cluster", "demos\irrlicht\demo_emit_cluster.vcxproj", "{F66EA029-BCF0-4B2F-96A6-F11B2EDB933E}"
	ProjectSection(ProjectDependencies) = postProject
		{AEC1B43A-9E72-4AC8-A924-86C6F8210062} = {AEC1B43A-9E72-4AC8-A924-86C6F8210062}
		{C20CB503-C8D5-4F3F-9272-55629F6125B7} = {C20CB503-C8D5-4F3F-9272-55629F6125B7}
	EndProjectSection
EndProject
Project("{8BC9CEB8-8B4A-11D0-8D11-00A0C91BC942}") = "demo_emitter", "demos\irrlicht\demo_emitter.vcxproj", "{B3369A83-7B52-40FA-975A-DBED8A0DDE3F}"
	ProjectSection(ProjectDependencies) = postProject
		{AEC1B43A-9E72-4AC8-A924-86C6F8210062} = {AEC1B43A-9E72-4AC8-A924-86C6F8210062}
		{C20CB503-C8D5-4F3F-9272-55629F6125B7} = {C20CB503-C8D5-4F3F-9272-55629F6125B7}
	EndProjectSection
EndProject
Project("{8BC9CEB8-8B4A-11D0-8D11-00A0C91BC942}") = "demo_forklift", "demos\irrlicht\demo_forklift.vcxproj", "{AFB57516-7BDD-4EA4-B68B-9EA995710EF3}"
	ProjectSection(ProjectDependencies) = postProject
		{AEC1B43A-9E72-4AC8-A924-86C6F8210062} = {AEC1B43A-9E72-4AC8-A924-86C6F8210062}
		{C20CB503-C8D5-4F3F-9272-55629F6125B7} = {C20CB503-C8D5-4F3F-9272-55629F6125B7}
	EndProjectSection
EndProject
Project("{8BC9CEB8-8B4A-11D0-8D11-00A0C91BC942}") = "demo_fourbar", "demos\irrlicht\demo_fourbar.vcxproj", "{D8B95CE8-9074-4B30-A705-3692167C6CE9}"
	ProjectSection(ProjectDependencies) = postProject
		{AEC1B43A-9E72-4AC8-A924-86C6F8210062} = {AEC1B43A-9E72-4AC8-A924-86C6F8210062}
		{C20CB503-C8D5-4F3F-9272-55629F6125B7} = {C20CB503-C8D5-4F3F-9272-55629F6125B7}
	EndProjectSection
EndProject
Project("{8BC9CEB8-8B4A-11D0-8D11-00A0C91BC942}") = "demo_friction", "demos\irrlicht\demo_friction.vcxproj", "{44447C4A-C74A-4B3E-BD93-23A123B6E69B}"
	ProjectSection(ProjectDependencies) = postProject
		{AEC1B43A-9E72-4AC8-A924-86C6F8210062} = {AEC1B43A-9E72-4AC8-A924-86C6F8210062}
		{C20CB503-C8D5-4F3F-9272-55629F6125B7} = {C20CB503-C8D5-4F3F-9272-55629F6125B7}
	EndProjectSection
EndProject
Project("{8BC9CEB8-8B4A-11D0-8D11-00A0C91BC942}") = "demo_gears", "demos\irrlicht\demo_gears.vcxproj", "{F1ACC4BC-D2E1-4270-A1E6-A04BEC6C3836}"
	ProjectSection(ProjectDependencies) = postProject
		{AEC1B43A-9E72-4AC8-A924-86C6F8210062} = {AEC1B43A-9E72-4AC8-A924-86C6F8210062}
		{C20CB503-C8D5-4F3F-9272-55629F6125B7} = {C20CB503-C8D5-4F3F-9272-55629F6125B7}
	EndProjectSection
EndProject
Project("{8BC9CEB8-8B4A-11D0-8D11-00A0C91BC942}") = "demo_irr_assets", "demos\irrlicht\demo_irr_assets.vcxproj", "{E71A4E19-C203-481E-8DB4-D5903F581C34}"
	ProjectSection(ProjectDependencies) = postProject
		{AEC1B43A-9E72-4AC8-A924-86C6F8210062} = {AEC1B43A-9E72-4AC8-A924-86C6F8210062}
		{C20CB503-C8D5-4F3F-9272-55629F6125B7} = {C20CB503-C8D5-4F3F-9272-55629F6125B7}
	EndProjectSection
EndProject
Project("{8BC9CEB8-8B4A-11D0-8D11-00A0C91BC942}") = "demo_math", "demos\core\demo_math.vcxproj", "{DEDDD6E9-598D-4998-942F-2A1A06B86DEF}"
	ProjectSection(ProjectDependencies) = postProject
		{AEC1B43A-9E72-4AC8-A924-86C6F8210062} = {AEC1B43A-9E72-4AC8-A924-86C6F8210062}
		{C20CB503-C8D5-4F3F-9272-55629F6125B7} = {C20CB503-C8D5-4F3F-9272-55629F6125B7}
	EndProjectSection
EndProject
Project("{8BC9CEB8-8B4A-11D0-8D11-00A0C91BC942}") = "demo_mecanum", "demos\irrlicht\demo_mecanum.vcxproj", "{AB6125BD-B5BC-466B-9A5B-D3EE71727ED1}"
	ProjectSection(ProjectDependencies) = postProject
		{AEC1B43A-9E72-4AC8-A924-86C6F8210062} = {AEC1B43A-9E72-4AC8-A924-86C6F8210062}
		{C20CB503-C8D5-4F3F-9272-55629F6125B7} = {C20CB503-C8D5-4F3F-9272-55629F6125B7}
	EndProjectSection
EndProject
Project("{8BC9CEB8-8B4A-11D0-8D11-00A0C91BC942}") = "demo_pendulum", "demos\irrlicht\demo_pendulum.vcxproj", "{9E681D23-2CDC-402D-8A01-C861452950B8}"
	ProjectSection(ProjectDependencies) = postProject
		{AEC1B43A-9E72-4AC8-A924-86C6F8210062} = {AEC1B43A-9E72-4AC8-A924-86C6F8210062}
		{C20CB503-C8D5-4F3F-9272-55629F6125B7} = {C20CB503-C8D5-4F3F-9272-55629F6125B7}
	EndProjectSection
EndProject
Project("{8BC9CEB8-8B4A-11D0-8D11-00A0C91BC942}") = "demo_powertrain", "demos\basics\demo_powertrain.vcxproj", "{2F9960F9-FA32-4D1F-B21D-B8727162B9ED}"
	ProjectSection(ProjectDependencies) = postProject
		{AEC1B43A-9E72-4AC8-A924-86C6F8210062} = {AEC1B43A-9E72-4AC8-A924-86C6F8210062}
		{C20CB503-C8D5-4F3F-9272-55629F6125B7} = {C20CB503-C8D5-4F3F-9272-55629F6125B7}
	EndProjectSection
EndProject
Project("{8BC9CEB8-8B4A-11D0-8D11-00A0C91BC942}") = "demo_sharedptr", "demos\core\demo_sharedptr.vcxproj", "{E79F6E13-14C6-44F8-AA9C-6053D6FE7685}"
	ProjectSection(ProjectDependencies) = postProject
		{AEC1B43A-9E72-4AC8-A924-86C6F8210062} = {AEC1B43A-9E72-4AC8-A924-86C6F8210062}
		{C20CB503-C8D5-4F3F-9272-55629F6125B7} = {C20CB503-C8D5-4F3F-9272-55629F6125B7}
	EndProjectSection
EndProject
Project("{8BC9CEB8-8B4A-11D0-8D11-00A0C91BC942}") = "demo_soilbin", "demos\irrlicht\demo_soilbin.vcxproj", "{E0A0F8C4-37B3-4B4B-B624-4415E7B16AF6}"
	ProjectSection(ProjectDependencies) = postProject
		{AEC1B43A-9E72-4AC8-A924-86C6F8210062} = {AEC1B43A-9E72-4AC8-A924-86C6F8210062}
		{C20CB503-C8D5-4F3F-9272-55629F6125B7} = {C20CB503-C8D5-4F3F-9272-55629F6125B7}
	EndProjectSection
EndProject
Project("{8BC9CEB8-8B4A-11D0-8D11-00A0C91BC942}") = "demo_sph", "demos\irrlicht\demo_sph.vcxproj", "{DD10A0D2-0EDC-4A32-8EA7-64D6464F9798}"
	ProjectSection(ProjectDependencies) = postProject
		{AEC1B43A-9E72-4AC8-A924-86C6F8210062} = {AEC1B43A-9E72-4AC8-A924-86C6F8210062}
		{C20CB503-C8D5-4F3F-9272-55629F6125B7} = {C20CB503-C8D5-4F3F-9272-55629F6125B7}
	EndProjectSection
EndProject
Project("{8BC9CEB8-8B4A-11D0-8D11-00A0C91BC942}") = "demo_stream", "demos\core\demo_stream.vcxproj", "{B1EC0EBA-7AC3-47D4-83FF-07A9B0D5DE6F}"
	ProjectSection(ProjectDependencies) = postProject
		{AEC1B43A-9E72-4AC8-A924-86C6F8210062} = {AEC1B43A-9E72-4AC8-A924-86C6F8210062}
		{C20CB503-C8D5-4F3F-9272-55629F6125B7} = {C20CB503-C8D5-4F3F-9272-55629F6125B7}
	EndProjectSection
EndProject
Project("{8BC9CEB8-8B4A-11D0-8D11-00A0C91BC942}") = "demo_suspension", "demos\irrlicht\demo_suspension.vcxproj", "{4C9F2DF0-2FE4-4204-8CC7-159751A9A0B2}"
	ProjectSection(ProjectDependencies) = postProject
		{AEC1B43A-9E72-4AC8-A924-86C6F8210062} = {AEC1B43A-9E72-4AC8-A924-86C6F8210062}
		{C20CB503-C8D5-4F3F-9272-55629F6125B7} = {C20CB503-C8D5-4F3F-9272-55629F6125B7}
	EndProjectSection
EndProject
Project("{8BC9CEB8-8B4A-11D0-8D11-00A0C91BC942}") = "demo_tire", "demos\irrlicht\demo_tire.vcxproj", "{F9227F9A-E192-4274-B011-BEADDA155F3B}"
	ProjectSection(ProjectDependencies) = postProject
		{AEC1B43A-9E72-4AC8-A924-86C6F8210062} = {AEC1B43A-9E72-4AC8-A924-86C6F8210062}
		{C20CB503-C8D5-4F3F-9272-55629F6125B7} = {C20CB503-C8D5-4F3F-9272-55629F6125B7}
	EndProjectSection
EndProject
Project("{8BC9CEB8-8B4A-11D0-8D11-00A0C91BC942}") = "demo_tracks", "demos\irrlicht\demo_tracks.vcxproj", "{0A48D881-D876-40B2-A3F9-E9E8F855999D}"
	ProjectSection(ProjectDependencies) = postProject
		{AEC1B43A-9E72-4AC8-A924-86C6F8210062} = {AEC1B43A-9E72-4AC8-A924-86C6F8210062}
		{C20CB503-C8D5-4F3F-9272-55629F6125B7} = {C20CB503-C8D5-4F3F-9272-55629F6125B7}
	EndProjectSection
EndProject
Global
	GlobalSection(SolutionConfigurationPlatforms) = preSolution
		Release|x64 = Release|x64
	EndGlobalSection
	GlobalSection(ProjectConfigurationPlatforms) = postSolution
		{53A056AA-8F3D-4E4D-BDAC-22242D240F2A}.Release|x64.ActiveCfg = Release|x64
		{53A056AA-8F3D-4E4D-BDAC-22242D240F2A}.Release|x64.Build.0 = Release|x64
		{AEC1B43A-9E72-4AC8-A924-86C6F8210062}.Release|x64.ActiveCfg = Release|x64
		{AEC1B43A-9E72-4AC8-A924-86C6F8210062}.Release|x64.Build.0 = Release|x64
		{377A43D2-B1AB-4CD0-8BC2-0B536DB54E4E}.Release|x64.ActiveCfg = Release|x64
		{377A43D2-B1AB-4CD0-8BC2-0B536DB54E4E}.Release|x64.Build.0 = Release|x64
		{A2C91C4E-7AB8-47D7-86C6-5C9A318CF3FB}.Release|x64.ActiveCfg = Release|x64
		{558293E6-5E62-4997-A760-CCF11FC28500}.Release|x64.ActiveCfg = Release|x64
		{11103BC9-4FE4-4B23-A459-F45F294D11ED}.Release|x64.ActiveCfg = Release|x64
		{C20CB503-C8D5-4F3F-9272-55629F6125B7}.Release|x64.ActiveCfg = Release|x64
		{C20CB503-C8D5-4F3F-9272-55629F6125B7}.Release|x64.Build.0 = Release|x64
		{97D89648-11E9-4FAC-ACF1-F49141036F12}.Release|x64.ActiveCfg = Release|x64
		{97D89648-11E9-4FAC-ACF1-F49141036F12}.Release|x64.Build.0 = Release|x64
		{9715AB62-B7C4-44C0-8380-8920E6E12BD5}.Release|x64.ActiveCfg = Release|x64
		{9715AB62-B7C4-44C0-8380-8920E6E12BD5}.Release|x64.Build.0 = Release|x64
		{3BAC3048-8C0E-4AFC-B7BD-6A0EE28289E9}.Release|x64.ActiveCfg = Release|x64
		{3BAC3048-8C0E-4AFC-B7BD-6A0EE28289E9}.Release|x64.Build.0 = Release|x64
		{4C8C0367-5407-4636-9AB4-3B194491C608}.Release|x64.ActiveCfg = Release|x64
		{4C8C0367-5407-4636-9AB4-3B194491C608}.Release|x64.Build.0 = Release|x64
		{61C2CC1B-AE63-43E3-A334-3C3C6E6BE2E5}.Release|x64.ActiveCfg = Release|x64
		{61C2CC1B-AE63-43E3-A334-3C3C6E6BE2E5}.Release|x64.Build.0 = Release|x64
		{C07D5947-FF64-45F3-A5CD-C10D03BC64BF}.Release|x64.ActiveCfg = Release|x64
		{C07D5947-FF64-45F3-A5CD-C10D03BC64BF}.Release|x64.Build.0 = Release|x64
		{8C846810-55E5-44D7-BF8D-9CE1D1DDD7FE}.Release|x64.ActiveCfg = Release|x64
		{8C846810-55E5-44D7-BF8D-9CE1D1DDD7FE}.Release|x64.Build.0 = Release|x64
		{AE37456D-3BB3-482A-BCD9-9C12CC46E282}.Release|x64.ActiveCfg = Release|x64
		{AE37456D-3BB3-482A-BCD9-9C12CC46E282}.Release|x64.Build.0 = Release|x64
		{4B4648B2-A082-4ED2-B08A-2C36CA72BD74}.Release|x64.ActiveCfg = Release|x64
		{4B4648B2-A082-4ED2-B08A-2C36CA72BD74}.Release|x64.Build.0 = Release|x64
		{D8D42A4C-E545-430B-9066-81F88B5DAB4B}.Release|x64.ActiveCfg = Release|x64
		{D8D42A4C-E545-430B-9066-81F88B5DAB4B}.Release|x64.Build.0 = Release|x64
		{24A1A78F-8E7C-496D-8DFB-F2B828B891E1}.Release|x64.ActiveCfg = Release|x64
		{24A1A78F-8E7C-496D-8DFB-F2B828B891E1}.Release|x64.Build.0 = Release|x64
		{AB7974D6-1216-469A-9ED6-52B013444E1B}.Release|x64.ActiveCfg = Release|x64
		{AB7974D6-1216-469A-9ED6-52B013444E1B}.Release|x64.Build.0 = Release|x64
		{3AE8BB17-06D4-482E-AEDB-04509C5CBABD}.Release|x64.ActiveCfg = Release|x64
		{3AE8BB17-06D4-482E-AEDB-04509C5CBABD}.Release|x64.Build.0 = Release|x64
		{FE01A64A-897B-4510-AABC-DAB45E812AD5}.Release|x64.ActiveCfg = Release|x64
		{FE01A64A-897B-4510-AABC-DAB45E812AD5}.Release|x64.Build.0 = Release|x64
		{1957DAE4-BAB9-4FCE-88EA-038D25BB8283}.Release|x64.ActiveCfg = Release|x64
		{1957DAE4-BAB9-4FCE-88EA-038D25BB8283}.Release|x64.Build.0 = Release|x64
		{F66EA029-BCF0-4B2F-96A6-F11B2EDB933E}.Release|x64.ActiveCfg = Release|x64
		{F66EA029-BCF0-4B2F-96A6-F11B2EDB933E}.Release|x64.Build.0 = Release|x64
		{B3369A83-7B52-40FA-975A-DBED8A0DDE3F}.Release|x64.ActiveCfg = Release|x64
		{B3369A83-7B52-40FA-975A-DBED8A0DDE3F}.Release|x64.Build.0 = Release|x64
		{AFB57516-7BDD-4EA4-B68B-9EA995710EF3}.Release|x64.ActiveCfg = Release|x64
		{AFB57516-7BDD-4EA4-B68B-9EA995710EF3}.Release|x64.Build.0 = Release|x64
		{D8B95CE8-9074-4B30-A705-3692167C6CE9}.Release|x64.ActiveCfg = Release|x64
		{D8B95CE8-9074-4B30-A705-3692167C6CE9}.Release|x64.Build.0 = Release|x64
		{44447C4A-C74A-4B3E-BD93-23A123B6E69B}.Release|x64.ActiveCfg = Release|x64
		{44447C4A-C74A-4B3E-BD93-23A123B6E69B}.Release|x64.Build.0 = Release|x64
		{F1ACC4BC-D2E1-4270-A1E6-A04BEC6C3836}.Release|x64.ActiveCfg = Release|x64
		{F1ACC4BC-D2E1-4270-A1E6-A04BEC6C3836}.Release|x64.Build.0 = Release|x64
		{E71A4E19-C203-481E-8DB4-D5903F581C34}.Release|x64.ActiveCfg = Release|x64
		{E71A4E19-C203-481E-8DB4-D5903F581C34}.Release|x64.Build.0 = Release|x64
		{DEDDD6E9-598D-4998-942F-2A1A06B86DEF}.Release|x64.ActiveCfg = Release|x64
		{DEDDD6E9-598D-4998-942F-2A1A06B86DEF}.Release|x64.Build.0 = Release|x64
		{AB6125BD-B5BC-466B-9A5B-D3EE71727ED1}.Release|x64.ActiveCfg = Release|x64
		{AB6125BD-B5BC-466B-9A5B-D3EE71727ED1}.Release|x64.Build.0 = Release|x64
		{9E681D23-2CDC-402D-8A01-C861452950B8}.Release|x64.ActiveCfg = Release|x64
		{9E681D23-2CDC-402D-8A01-C861452950B8}.Release|x64.Build.0 = Release|x64
		{2F9960F9-FA32-4D1F-B21D-B8727162B9ED}.Release|x64.ActiveCfg = Release|x64
		{2F9960F9-FA32-4D1F-B21D-B8727162B9ED}.Release|x64.Build.0 = Release|x64
		{E79F6E13-14C6-44F8-AA9C-6053D6FE7685}.Release|x64.ActiveCfg = Release|x64
		{E79F6E13-14C6-44F8-AA9C-6053D6FE7685}.Release|x64.Build.0 = Release|x64
		{E0A0F8C4-37B3-4B4B-B624-4415E7B16AF6}.Release|x64.ActiveCfg = Release|x64
		{E0A0F8C4-37B3-4B4B-B624-4415E7B16AF6}.Release|x64.Build.0 = Release|x64
		{DD10A0D2-0EDC-4A32-8EA7-64D6464F9798}.Release|x64.ActiveCfg = Release|x64
		{DD10A0D2-0EDC-4A32-8EA7-64D6464F9798}.Release|x64.Build.0 = Release|x64
		{B1EC0EBA-7AC3-47D4-83FF-07A9B0D5DE6F}.Release|x64.ActiveCfg = Release|x64
		{B1EC0EBA-7AC3-47D4-83FF-07A9B0D5DE6F}.Release|x64.Build.0 = Release|x64
		{4C9F2DF0-2FE4-4204-8CC7-159751A9A0B2}.Release|x64.ActiveCfg = Release|x64
		{4C9F2DF0-2FE4-4204-8CC7-159751A9A0B2}.Release|x64.Build.0 = Release|x64
		{F9227F9A-E192-4274-B011-BEADDA155F3B}.Release|x64.ActiveCfg = Release|x64
		{F9227F9A-E192-4274-B011-BEADDA155F3B}.Release|x64.Build.0 = Release|x64
		{0A48D881-D876-40B2-A3F9-E9E8F855999D}.Release|x64.ActiveCfg = Release|x64
		{0A48D881-D876-40B2-A3F9-E9E8F855999D}.Release|x64.Build.0 = Release|x64
	EndGlobalSection
	GlobalSection(ExtensibilityGlobals) = postSolution
	EndGlobalSection
	GlobalSection(ExtensibilityAddIns) = postSolution
	EndGlobalSection
EndGlobal
