<?xml version="1.0" encoding="UTF-8"?>
<Project ToolsVersion="12.0" xmlns="http://schemas.microsoft.com/developer/msbuild/2003">
  <ItemGroup>
    <ClCompile Include="D:\ChronoCode\chrono\src\core\ChLog.cpp">
      <Filter>core</Filter>
    </ClCompile>
    <ClCompile Include="D:\ChronoCode\chrono\src\core\ChClassRegister.cpp">
      <Filter>core</Filter>
    </ClCompile>
    <ClCompile Include="D:\ChronoCode\chrono\src\core\ChFileutils.cpp">
      <Filter>core</Filter>
    </ClCompile>
    <ClCompile Include="D:\ChronoCode\chrono\src\core\ChStream.cpp">
      <Filter>core</Filter>
    </ClCompile>
    <ClCompile Include="D:\ChronoCode\chrono\src\core\ChMathematics.cpp">
      <Filter>core</Filter>
    </ClCompile>
    <ClCompile Include="D:\ChronoCode\chrono\src\core\ChVector.cpp">
      <Filter>core</Filter>
    </ClCompile>
    <ClCompile Include="D:\ChronoCode\chrono\src\core\ChQuaternion.cpp">
      <Filter>core</Filter>
    </ClCompile>
    <ClCompile Include="D:\ChronoCode\chrono\src\core\ChCoordsys.cpp">
      <Filter>core</Filter>
    </ClCompile>
    <ClCompile Include="D:\ChronoCode\chrono\src\core\ChMatrix.cpp">
      <Filter>core</Filter>
    </ClCompile>
    <ClCompile Include="D:\ChronoCode\chrono\src\core\ChMemory.cpp">
      <Filter>core</Filter>
    </ClCompile>
    <ClCompile Include="D:\ChronoCode\chrono\src\core\ChSpmatrix.cpp">
      <Filter>core</Filter>
    </ClCompile>
    <ClCompile Include="D:\ChronoCode\chrono\src\core\ChQuadrature.cpp">
      <Filter>core</Filter>
    </ClCompile>
    <ClCompile Include="D:\ChronoCode\chrono\src\physics\ChApidll.cpp">
      <Filter>physics</Filter>
    </ClCompile>
    <ClCompile Include="D:\ChronoCode\chrono\src\physics\ChFilePS.cpp">
      <Filter>physics</Filter>
    </ClCompile>
    <ClCompile Include="D:\ChronoCode\chrono\src\physics\ChNlsolver.cpp">
      <Filter>physics</Filter>
    </ClCompile>
    <ClCompile Include="D:\ChronoCode\chrono\src\physics\ChFunction.cpp">
      <Filter>physics</Filter>
    </ClCompile>
    <ClCompile Include="D:\ChronoCode\chrono\src\physics\ChLimit.cpp">
      <Filter>physics</Filter>
    </ClCompile>
    <ClCompile Include="D:\ChronoCode\chrono\src\physics\ChObject.cpp">
      <Filter>physics</Filter>
    </ClCompile>
    <ClCompile Include="D:\ChronoCode\chrono\src\physics\ChMarker.cpp">
      <Filter>physics</Filter>
    </ClCompile>
    <ClCompile Include="D:\ChronoCode\chrono\src\physics\ChForce.cpp">
      <Filter>physics</Filter>
    </ClCompile>
    <ClCompile Include="D:\ChronoCode\chrono\src\physics\ChBodyFrame.cpp">
      <Filter>physics</Filter>
    </ClCompile>
    <ClCompile Include="D:\ChronoCode\chrono\src\physics\ChBody.cpp">
      <Filter>physics</Filter>
    </ClCompile>
    <ClCompile Include="D:\ChronoCode\chrono\src\physics\ChBodyAuxRef.cpp">
      <Filter>physics</Filter>
    </ClCompile>
    <ClCompile Include="D:\ChronoCode\chrono\src\physics\ChLinkforce.cpp">
      <Filter>physics</Filter>
    </ClCompile>
    <ClCompile Include="D:\ChronoCode\chrono\src\physics\ChLinkMask.cpp">
      <Filter>physics</Filter>
    </ClCompile>
    <ClCompile Include="D:\ChronoCode\chrono\src\physics\ChLinkBase.cpp">
      <Filter>physics</Filter>
    </ClCompile>
    <ClCompile Include="D:\ChronoCode\chrono\src\physics\ChLink.cpp">
      <Filter>physics</Filter>
    </ClCompile>
    <ClCompile Include="D:\ChronoCode\chrono\src\physics\ChLinkDistance.cpp">
      <Filter>physics</Filter>
    </ClCompile>
    <ClCompile Include="D:\ChronoCode\chrono\src\physics\ChLinkMasked.cpp">
      <Filter>physics</Filter>
    </ClCompile>
    <ClCompile Include="D:\ChronoCode\chrono\src\physics\ChLinkMarkers.cpp">
      <Filter>physics</Filter>
    </ClCompile>
    <ClCompile Include="D:\ChronoCode\chrono\src\physics\ChLinkNumdiff.cpp">
      <Filter>physics</Filter>
    </ClCompile>
    <ClCompile Include="D:\ChronoCode\chrono\src\physics\ChLinkLock.cpp">
      <Filter>physics</Filter>
    </ClCompile>
    <ClCompile Include="D:\ChronoCode\chrono\src\physics\ChLinkBrake.cpp">
      <Filter>physics</Filter>
    </ClCompile>
    <ClCompile Include="D:\ChronoCode\chrono\src\physics\ChLinkEngine.cpp">
      <Filter>physics</Filter>
    </ClCompile>
    <ClCompile Include="D:\ChronoCode\chrono\src\physics\ChLinkContact.cpp">
      <Filter>physics</Filter>
    </ClCompile>
    <ClCompile Include="D:\ChronoCode\chrono\src\physics\ChLinkFastContact.cpp">
      <Filter>physics</Filter>
    </ClCompile>
    <ClCompile Include="D:\ChronoCode\chrono\src\physics\ChLinkGear.cpp">
      <Filter>physics</Filter>
    </ClCompile>
    <ClCompile Include="D:\ChronoCode\chrono\src\physics\ChLinkPulley.cpp">
      <Filter>physics</Filter>
    </ClCompile>
    <ClCompile Include="D:\ChronoCode\chrono\src\physics\ChLinkLinActuator.cpp">
      <Filter>physics</Filter>
    </ClCompile>
    <ClCompile Include="D:\ChronoCode\chrono\src\physics\ChLinkPneumaticActuator.cpp">
      <Filter>physics</Filter>
    </ClCompile>
    <ClCompile Include="D:\ChronoCode\chrono\src\physics\ChLinkScrew.cpp">
      <Filter>physics</Filter>
    </ClCompile>
    <ClCompile Include="D:\ChronoCode\chrono\src\physics\ChLinkSpring.cpp">
      <Filter>physics</Filter>
    </ClCompile>
    <ClCompile Include="D:\ChronoCode\chrono\src\physics\ChLinkWheel.cpp">
      <Filter>physics</Filter>
    </ClCompile>
    <ClCompile Include="D:\ChronoCode\chrono\src\physics\ChLinkClearance.cpp">
      <Filter>physics</Filter>
    </ClCompile>
    <ClCompile Include="D:\ChronoCode\chrono\src\physics\ChLinkPointSpline.cpp">
      <Filter>physics</Filter>
    </ClCompile>
    <ClCompile Include="D:\ChronoCode\chrono\src\physics\ChLinkTrajectory.cpp">
      <Filter>physics</Filter>
    </ClCompile>
    <ClCompile Include="D:\ChronoCode\chrono\src\physics\ChLinkMate.cpp">
      <Filter>physics</Filter>
    </ClCompile>
    <ClCompile Include="D:\ChronoCode\chrono\src\physics\ChLinkRackpinion.cpp">
      <Filter>physics</Filter>
    </ClCompile>
    <ClCompile Include="D:\ChronoCode\chrono\src\physics\ChHistory.cpp">
      <Filter>physics</Filter>
    </ClCompile>
    <ClCompile Include="D:\ChronoCode\chrono\src\physics\ChSystem.cpp">
      <Filter>physics</Filter>
    </ClCompile>
    <ClCompile Include="D:\ChronoCode\chrono\src\physics\ChGlobal.cpp">
      <Filter>physics</Filter>
    </ClCompile>
    <ClCompile Include="D:\ChronoCode\chrono\src\physics\ChEvents.cpp">
      <Filter>physics</Filter>
    </ClCompile>
    <ClCompile Include="D:\ChronoCode\chrono\src\physics\ChSolvmin.cpp">
      <Filter>physics</Filter>
    </ClCompile>
    <ClCompile Include="D:\ChronoCode\chrono\src\physics\ChProbe.cpp">
      <Filter>physics</Filter>
    </ClCompile>
    <ClCompile Include="D:\ChronoCode\chrono\src\physics\ChControls.cpp">
      <Filter>physics</Filter>
    </ClCompile>
    <ClCompile Include="D:\ChronoCode\chrono\src\physics\ChIntegrator.cpp">
      <Filter>physics</Filter>
    </ClCompile>
    <ClCompile Include="D:\ChronoCode\chrono\src\physics\ChController.cpp">
      <Filter>physics</Filter>
    </ClCompile>
    <ClCompile Include="D:\ChronoCode\chrono\src\physics\ChIterative.cpp">
      <Filter>physics</Filter>
    </ClCompile>
    <ClCompile Include="D:\ChronoCode\chrono\src\physics\ChRef.cpp">
      <Filter>physics</Filter>
    </ClCompile>
    <ClCompile Include="D:\ChronoCode\chrono\src\physics\ChConstraint.cpp">
      <Filter>physics</Filter>
    </ClCompile>
    <ClCompile Include="D:\ChronoCode\chrono\src\physics\ChPhysicsItem.cpp">
      <Filter>physics</Filter>
    </ClCompile>
    <ClCompile Include="D:\ChronoCode\chrono\src\physics\ChParticlesClones.cpp">
      <Filter>physics</Filter>
    </ClCompile>
    <ClCompile Include="D:\ChronoCode\chrono\src\physics\ChIndexedParticles.cpp">
      <Filter>physics</Filter>
    </ClCompile>
    <ClCompile Include="D:\ChronoCode\chrono\src\physics\ChIndexedNodes.cpp">
      <Filter>physics</Filter>
    </ClCompile>
    <ClCompile Include="D:\ChronoCode\chrono\src\physics\ChNodeBase.cpp">
      <Filter>physics</Filter>
    </ClCompile>
    <ClCompile Include="D:\ChronoCode\chrono\src\physics\ChNodeXYZ.cpp">
      <Filter>physics</Filter>
    </ClCompile>
    <ClCompile Include="D:\ChronoCode\chrono\src\physics\ChMatterSPH.cpp">
      <Filter>physics</Filter>
    </ClCompile>
    <ClCompile Include="D:\ChronoCode\chrono\src\physics\ChContact.cpp">
      <Filter>physics</Filter>
    </ClCompile>
    <ClCompile Include="D:\ChronoCode\chrono\src\physics\ChContactRolling.cpp">
      <Filter>physics</Filter>
    </ClCompile>
    <ClCompile Include="D:\ChronoCode\chrono\src\physics\ChContactNode.cpp">
      <Filter>physics</Filter>
    </ClCompile>
    <ClCompile Include="D:\ChronoCode\chrono\src\physics\ChContactContainerBase.cpp">
      <Filter>physics</Filter>
    </ClCompile>
    <ClCompile Include="D:\ChronoCode\chrono\src\physics\ChContactContainer.cpp">
      <Filter>physics</Filter>
    </ClCompile>
    <ClCompile Include="D:\ChronoCode\chrono\src\physics\ChContactContainerNodes.cpp">
      <Filter>physics</Filter>
    </ClCompile>
    <ClCompile Include="D:\ChronoCode\chrono\src\physics\ChProximityContainerBase.cpp">
      <Filter>physics</Filter>
    </ClCompile>
    <ClCompile Include="D:\ChronoCode\chrono\src\physics\ChProximityContainerSPH.cpp">
      <Filter>physics</Filter>
    </ClCompile>
    <ClCompile Include="D:\ChronoCode\chrono\src\physics\ChShaft.cpp">
      <Filter>physics</Filter>
    </ClCompile>
    <ClCompile Include="D:\ChronoCode\chrono\src\physics\ChShaftsGear.cpp">
      <Filter>physics</Filter>
    </ClCompile>
    <ClCompile Include="D:\ChronoCode\chrono\src\physics\ChShaftsGearbox.cpp">
      <Filter>physics</Filter>
    </ClCompile>
    <ClCompile Include="D:\ChronoCode\chrono\src\physics\ChShaftsGearboxAngled.cpp">
      <Filter>physics</Filter>
    </ClCompile>
    <ClCompile Include="D:\ChronoCode\chrono\src\physics\ChShaftsClutch.cpp">
      <Filter>physics</Filter>
    </ClCompile>
    <ClCompile Include="D:\ChronoCode\chrono\src\physics\ChShaftsPlanetary.cpp">
      <Filter>physics</Filter>
    </ClCompile>
    <ClCompile Include="D:\ChronoCode\chrono\src\physics\ChShaftsMotor.cpp">
      <Filter>physics</Filter>
    </ClCompile>
    <ClCompile Include="D:\ChronoCode\chrono\src\physics\ChShaftsBody.cpp">
      <Filter>physics</Filter>
    </ClCompile>
    <ClCompile Include="D:\ChronoCode\chrono\src\physics\ChShaftsTorsionSpring.cpp">
      <Filter>physics</Filter>
    </ClCompile>
    <ClCompile Include="D:\ChronoCode\chrono\src\physics\ChShaftsTorqueConverter.cpp">
      <Filter>physics</Filter>
    </ClCompile>
    <ClCompile Include="D:\ChronoCode\chrono\src\physics\ChConveyor.cpp">
      <Filter>physics</Filter>
    </ClCompile>
    <ClCompile Include="D:\ChronoCode\chrono\src\physics\ChFx.cpp">
      <Filter>physics</Filter>
    </ClCompile>
    <ClCompile Include="D:\ChronoCode\chrono\src\physics\ChAssembly.cpp">
      <Filter>physics</Filter>
    </ClCompile>
    <ClCompile Include="D:\ChronoCode\chrono\src\physics\ChSystemDEM.cpp">
      <Filter>physics</Filter>
    </ClCompile>
    <ClCompile Include="D:\ChronoCode\chrono\src\physics\ChBodyDEM.cpp">
      <Filter>physics</Filter>
    </ClCompile>
    <ClCompile Include="D:\ChronoCode\chrono\src\physics\ChContactContainerDEM.cpp">
      <Filter>physics</Filter>
    </ClCompile>
    <ClCompile Include="D:\ChronoCode\chrono\src\physics\ChContactDEM.cpp">
      <Filter>physics</Filter>
    </ClCompile>
    <ClCompile Include="D:\ChronoCode\chrono\src\physics\ChMaterialSurfaceDEM.cpp">
      <Filter>physics</Filter>
    </ClCompile>
    <ClCompile Include="D:\ChronoCode\chrono\src\physics\ChContinuumMaterial.cpp">
      <Filter>physics</Filter>
    </ClCompile>
    <ClCompile Include="D:\ChronoCode\chrono\src\lcp\ChLcpSystemDescriptor.cpp">
      <Filter>lcp</Filter>
    </ClCompile>
    <ClCompile Include="D:\ChronoCode\chrono\src\lcp\ChLcpSolver.cpp">
      <Filter>lcp</Filter>
    </ClCompile>
    <ClCompile Include="D:\ChronoCode\chrono\src\lcp\ChLcpIterativeSOR.cpp">
      <Filter>lcp</Filter>
    </ClCompile>
    <ClCompile Include="D:\ChronoCode\chrono\src\lcp\ChLcpIterativeSORmultithread.cpp">
      <Filter>lcp</Filter>
    </ClCompile>
    <ClCompile Include="D:\ChronoCode\chrono\src\lcp\ChLcpIterativeJacobi.cpp">
      <Filter>lcp</Filter>
    </ClCompile>
    <ClCompile Include="D:\ChronoCode\chrono\src\lcp\ChLcpIterativeSymmSOR.cpp">
      <Filter>lcp</Filter>
    </ClCompile>
    <ClCompile Include="D:\ChronoCode\chrono\src\lcp\ChLcpIterativeMINRES.cpp">
      <Filter>lcp</Filter>
    </ClCompile>
    <ClCompile Include="D:\ChronoCode\chrono\src\lcp\ChLcpIterativePMINRES.cpp">
      <Filter>lcp</Filter>
    </ClCompile>
    <ClCompile Include="D:\ChronoCode\chrono\src\lcp\ChLcpIterativeBB.cpp">
      <Filter>lcp</Filter>
    </ClCompile>
    <ClCompile Include="D:\ChronoCode\chrono\src\lcp\ChLcpIterativePCG.cpp">
      <Filter>lcp</Filter>
    </ClCompile>
    <ClCompile Include="D:\ChronoCode\chrono\src\lcp\ChLcpIterativeAPGD.cpp">
      <Filter>lcp</Filter>
    </ClCompile>
    <ClCompile Include="D:\ChronoCode\chrono\src\lcp\ChLcpSimplexSolver.cpp">
      <Filter>lcp</Filter>
    </ClCompile>
    <ClCompile Include="D:\ChronoCode\chrono\src\lcp\ChLcpConstraint.cpp">
      <Filter>lcp</Filter>
    </ClCompile>
    <ClCompile Include="D:\ChronoCode\chrono\src\lcp\ChLcpConstraintTwo.cpp">
      <Filter>lcp</Filter>
    </ClCompile>
    <ClCompile Include="D:\ChronoCode\chrono\src\lcp\ChLcpConstraintTwoGeneric.cpp">
      <Filter>lcp</Filter>
    </ClCompile>
    <ClCompile Include="D:\ChronoCode\chrono\src\lcp\ChLcpConstraintTwoGenericBoxed.cpp">
      <Filter>lcp</Filter>
    </ClCompile>
    <ClCompile Include="D:\ChronoCode\chrono\src\lcp\ChLcpConstraintTwoBodies.cpp">
      <Filter>lcp</Filter>
    </ClCompile>
    <ClCompile Include="D:\ChronoCode\chrono\src\lcp\ChLcpConstraintTwoFrictionT.cpp">
      <Filter>lcp</Filter>
    </ClCompile>
    <ClCompile Include="D:\ChronoCode\chrono\src\lcp\ChLcpConstraintTwoContactN.cpp">
      <Filter>lcp</Filter>
    </ClCompile>
    <ClCompile Include="D:\ChronoCode\chrono\src\lcp\ChLcpConstraintTwoRollingT.cpp">
      <Filter>lcp</Filter>
    </ClCompile>
    <ClCompile Include="D:\ChronoCode\chrono\src\lcp\ChLcpConstraintTwoRollingN.cpp">
      <Filter>lcp</Filter>
    </ClCompile>
    <ClCompile Include="D:\ChronoCode\chrono\src\lcp\ChLcpConstraintNodeFrictionT.cpp">
      <Filter>lcp</Filter>
    </ClCompile>
    <ClCompile Include="D:\ChronoCode\chrono\src\lcp\ChLcpConstraintNodeContactN.cpp">
      <Filter>lcp</Filter>
    </ClCompile>
    <ClCompile Include="D:\ChronoCode\chrono\src\lcp\ChLcpConstraintThree.cpp">
      <Filter>lcp</Filter>
    </ClCompile>
    <ClCompile Include="D:\ChronoCode\chrono\src\lcp\ChLcpConstraintThreeGeneric.cpp">
      <Filter>lcp</Filter>
    </ClCompile>
    <ClCompile Include="D:\ChronoCode\chrono\src\lcp\ChLcpConstraintThreeBBShaft.cpp">
      <Filter>lcp</Filter>
    </ClCompile>
    <ClCompile Include="D:\ChronoCode\chrono\src\lcp\ChLcpVariables.cpp">
      <Filter>lcp</Filter>
    </ClCompile>
    <ClCompile Include="D:\ChronoCode\chrono\src\lcp\ChLcpVariablesGeneric.cpp">
      <Filter>lcp</Filter>
    </ClCompile>
    <ClCompile Include="D:\ChronoCode\chrono\src\lcp\ChLcpVariablesBody.cpp">
      <Filter>lcp</Filter>
    </ClCompile>
    <ClCompile Include="D:\ChronoCode\chrono\src\lcp\ChLcpVariablesBodySharedMass.cpp">
      <Filter>lcp</Filter>
    </ClCompile>
    <ClCompile Include="D:\ChronoCode\chrono\src\lcp\ChLcpVariablesBodyOwnMass.cpp">
      <Filter>lcp</Filter>
    </ClCompile>
    <ClCompile Include="D:\ChronoCode\chrono\src\lcp\ChLcpVariablesNode.cpp">
      <Filter>lcp</Filter>
    </ClCompile>
    <ClCompile Include="D:\ChronoCode\chrono\src\lcp\ChLcpKblockGeneric.cpp">
      <Filter>lcp</Filter>
    </ClCompile>
    <ClCompile Include="D:\ChronoCode\chrono\src\lcp\ChLcpSolverDEM.cpp">
      <Filter>lcp</Filter>
    </ClCompile>
    <ClCompile Include="D:\ChronoCode\chrono\src\collision\ChCCollisionModel.cpp">
      <Filter>collision</Filter>
    </ClCompile>
    <ClCompile Include="D:\ChronoCode\chrono\src\collision\ChCModelBullet.cpp">
      <Filter>collision</Filter>
    </ClCompile>
    <ClCompile Include="D:\ChronoCode\chrono\src\collision\ChCModelBulletBody.cpp">
      <Filter>collision</Filter>
    </ClCompile>
    <ClCompile Include="D:\ChronoCode\chrono\src\collision\ChCModelBulletParticle.cpp">
      <Filter>collision</Filter>
    </ClCompile>
    <ClCompile Include="D:\ChronoCode\chrono\src\collision\ChCModelBulletNode.cpp">
      <Filter>collision</Filter>
    </ClCompile>
    <ClCompile Include="D:\ChronoCode\chrono\src\collision\ChCCollisionSystemBullet.cpp">
      <Filter>collision</Filter>
    </ClCompile>
    <ClCompile Include="D:\ChronoCode\chrono\src\collision\ChCConvexDecomposition.cpp">
      <Filter>collision</Filter>
    </ClCompile>
    <ClCompile Include="D:\ChronoCode\chrono\src\collision\ChCCollisionUtils.cpp">
      <Filter>collision</Filter>
    </ClCompile>
    <ClCompile Include="D:\ChronoCode\chrono\src\geometry\ChCGeometry.cpp">
      <Filter>geometry</Filter>
    </ClCompile>
    <ClCompile Include="D:\ChronoCode\chrono\src\geometry\ChCSphere.cpp">
      <Filter>geometry</Filter>
    </ClCompile>
    <ClCompile Include="D:\ChronoCode\chrono\src\geometry\ChCEllipsoid.cpp">
      <Filter>geometry</Filter>
    </ClCompile>
    <ClCompile Include="D:\ChronoCode\chrono\src\geometry\ChCBox.cpp">
      <Filter>geometry</Filter>
    </ClCompile>
    <ClCompile Include="D:\ChronoCode\chrono\src\geometry\ChCCone.cpp">
      <Filter>geometry</Filter>
    </ClCompile>
    <ClCompile Include="D:\ChronoCode\chrono\src\geometry\ChCCylinder.cpp">
      <Filter>geometry</Filter>
    </ClCompile>
    <ClCompile Include="D:\ChronoCode\chrono\src\geometry\ChCCapsule.cpp">
      <Filter>geometry</Filter>
    </ClCompile>
    <ClCompile Include="D:\ChronoCode\chrono\src\geometry\ChCLine.cpp">
      <Filter>geometry</Filter>
    </ClCompile>
    <ClCompile Include="D:\ChronoCode\chrono\src\geometry\ChCLineCam.cpp">
      <Filter>geometry</Filter>
    </ClCompile>
    <ClCompile Include="D:\ChronoCode\chrono\src\geometry\ChCLinePoly.cpp">
      <Filter>geometry</Filter>
    </ClCompile>
    <ClCompile Include="D:\ChronoCode\chrono\src\geometry\ChCTriangle.cpp">
      <Filter>geometry</Filter>
    </ClCompile>
    <ClCompile Include="D:\ChronoCode\chrono\src\geometry\ChCTriangleMeshConnected.cpp">
      <Filter>geometry</Filter>
    </ClCompile>
    <ClCompile Include="D:\ChronoCode\chrono\src\geometry\ChCRoundedBox.cpp">
      <Filter>geometry</Filter>
    </ClCompile>
    <ClCompile Include="D:\ChronoCode\chrono\src\geometry\ChCRoundedCylinder.cpp">
      <Filter>geometry</Filter>
    </ClCompile>
    <ClCompile Include="D:\ChronoCode\chrono\src\geometry\ChCRoundedCone.cpp">
      <Filter>geometry</Filter>
    </ClCompile>
    <ClCompile Include="D:\ChronoCode\chrono\src\assets\ChAsset.cpp">
      <Filter>assets</Filter>
    </ClCompile>
    <ClCompile Include="D:\ChronoCode\chrono\src\assets\ChVisualization.cpp">
      <Filter>assets</Filter>
    </ClCompile>
    <ClCompile Include="D:\ChronoCode\chrono\src\assets\ChObjShapeFile.cpp">
      <Filter>assets</Filter>
    </ClCompile>
    <ClCompile Include="D:\ChronoCode\chrono\src\assets\ChTriangleMeshShape.cpp">
      <Filter>assets</Filter>
    </ClCompile>
    <ClCompile Include="D:\ChronoCode\chrono\src\assets\ChSphereShape.cpp">
      <Filter>assets</Filter>
    </ClCompile>
    <ClCompile Include="D:\ChronoCode\chrono\src\assets\ChEllipsoidShape.cpp">
      <Filter>assets</Filter>
    </ClCompile>
    <ClCompile Include="D:\ChronoCode\chrono\src\assets\ChBoxShape.cpp">
      <Filter>assets</Filter>
    </ClCompile>
    <ClCompile Include="D:\ChronoCode\chrono\src\assets\ChConeShape.cpp">
      <Filter>assets</Filter>
    </ClCompile>
    <ClCompile Include="D:\ChronoCode\chrono\src\assets\ChCylinderShape.cpp">
      <Filter>assets</Filter>
    </ClCompile>
    <ClCompile Include="D:\ChronoCode\chrono\src\assets\ChCapsuleShape.cpp">
      <Filter>assets</Filter>
    </ClCompile>
    <ClCompile Include="D:\ChronoCode\chrono\src\assets\ChTexture.cpp">
      <Filter>assets</Filter>
    </ClCompile>
    <ClCompile Include="D:\ChronoCode\chrono\src\assets\ChCamera.cpp">
      <Filter>assets</Filter>
    </ClCompile>
    <ClCompile Include="D:\ChronoCode\chrono\src\assets\ChAssetLevel.cpp">
      <Filter>assets</Filter>
    </ClCompile>
    <ClCompile Include="D:\ChronoCode\chrono\src\assets\ChGlyphs.cpp">
      <Filter>assets</Filter>
    </ClCompile>
    <ClCompile Include="D:\ChronoCode\chrono\src\assets\ChColorAsset.cpp">
      <Filter>assets</Filter>
    </ClCompile>
    <ClCompile Include="D:\ChronoCode\chrono\src\assets\ChRoundedCylinderShape.cpp">
      <Filter>assets</Filter>
    </ClCompile>
    <ClCompile Include="D:\ChronoCode\chrono\src\assets\ChRoundedBoxShape.cpp">
      <Filter>assets</Filter>
    </ClCompile>
    <ClCompile Include="D:\ChronoCode\chrono\src\assets\ChRoundedConeShape.cpp">
      <Filter>assets</Filter>
    </ClCompile>
    <ClCompile Include="D:\ChronoCode\chrono\src\collision\edgetempest\ChCCollisionTree.cpp">
      <Filter>collision\edgetempest</Filter>
    </ClCompile>
    <ClCompile Include="D:\ChronoCode\chrono\src\collision\edgetempest\ChCOBBTree.cpp">
      <Filter>collision\edgetempest</Filter>
    </ClCompile>
    <ClCompile Include="D:\ChronoCode\chrono\src\collision\edgetempest\ChCAABBTree.cpp">
      <Filter>collision\edgetempest</Filter>
    </ClCompile>
    <ClCompile Include="D:\ChronoCode\chrono\src\collision\edgetempest\ChCOBB.cpp">
      <Filter>collision\edgetempest</Filter>
    </ClCompile>
    <ClCompile Include="D:\ChronoCode\chrono\src\collision\edgetempest\ChCAABB.cpp">
      <Filter>collision\edgetempest</Filter>
    </ClCompile>
    <ClCompile Include="D:\ChronoCode\chrono\src\collision\edgetempest\ChCOBBcollider.cpp">
      <Filter>collision\edgetempest</Filter>
    </ClCompile>
    <ClCompile Include="D:\ChronoCode\chrono\src\collision\edgetempest\ChCAABBcollider.cpp">
      <Filter>collision\edgetempest</Filter>
    </ClCompile>
    <ClCompile Include="D:\ChronoCode\chrono\src\collision\edgetempest\ChCNarrowPhaseCollider.cpp">
      <Filter>collision\edgetempest</Filter>
    </ClCompile>
    <ClCompile Include="D:\ChronoCode\chrono\src\collision\edgetempest\ChCGeometryCollider.cpp">
      <Filter>collision\edgetempest</Filter>
    </ClCompile>
    <ClCompile Include="D:\ChronoCode\chrono\src\collision\convexdecomposition\JR\NvConcavityVolume.cpp">
      <Filter>collision\convexdecomp\JR</Filter>
    </ClCompile>
    <ClCompile Include="D:\ChronoCode\chrono\src\collision\convexdecomposition\JR\NvConvexDecomposition.cpp">
      <Filter>collision\convexdecomp\JR</Filter>
    </ClCompile>
    <ClCompile Include="D:\ChronoCode\chrono\src\collision\convexdecomposition\JR\NvFloatMath.cpp">
      <Filter>collision\convexdecomp\JR</Filter>
    </ClCompile>
    <ClCompile Include="D:\ChronoCode\chrono\src\collision\convexdecomposition\JR\NvMeshIslandGeneration.cpp">
      <Filter>collision\convexdecomp\JR</Filter>
    </ClCompile>
    <ClCompile Include="D:\ChronoCode\chrono\src\collision\convexdecomposition\JR\NvRayCast.cpp">
      <Filter>collision\convexdecomp\JR</Filter>
    </ClCompile>
    <ClCompile Include="D:\ChronoCode\chrono\src\collision\convexdecomposition\JR\NvRemoveTjunctions.cpp">
      <Filter>collision\convexdecomp\JR</Filter>
    </ClCompile>
    <ClCompile Include="D:\ChronoCode\chrono\src\collision\convexdecomposition\JR\NvSplitMesh.cpp">
      <Filter>collision\convexdecomp\JR</Filter>
    </ClCompile>
    <ClCompile Include="D:\ChronoCode\chrono\src\collision\convexdecomposition\JR\NvStanHull.cpp">
      <Filter>collision\convexdecomp\JR</Filter>
    </ClCompile>
    <ClCompile Include="D:\ChronoCode\chrono\src\collision\convexdecomposition\HACD\hacdRaycastMesh.cpp">
      <Filter>collision\convexdecomp\HACD</Filter>
    </ClCompile>
    <ClCompile Include="D:\ChronoCode\chrono\src\collision\convexdecomposition\HACD\hacdMicroAllocator.cpp">
      <Filter>collision\convexdecomp\HACD</Filter>
    </ClCompile>
    <ClCompile Include="D:\ChronoCode\chrono\src\collision\convexdecomposition\HACD\hacdGraph.cpp">
      <Filter>collision\convexdecomp\HACD</Filter>
    </ClCompile>
    <ClCompile Include="D:\ChronoCode\chrono\src\collision\convexdecomposition\HACD\hacdMeshDecimator.cpp">
      <Filter>collision\convexdecomp\HACD</Filter>
    </ClCompile>
    <ClCompile Include="D:\ChronoCode\chrono\src\collision\convexdecomposition\HACD\hacdHACD.cpp">
      <Filter>collision\convexdecomp\HACD</Filter>
    </ClCompile>
    <ClCompile Include="D:\ChronoCode\chrono\src\collision\convexdecomposition\HACD\hacdManifoldMesh.cpp">
      <Filter>collision\convexdecomp\HACD</Filter>
    </ClCompile>
    <ClCompile Include="D:\ChronoCode\chrono\src\collision\convexdecomposition\HACD\hacdICHull.cpp">
      <Filter>collision\convexdecomp\HACD</Filter>
    </ClCompile>
    <ClCompile Include="D:\ChronoCode\chrono\src\collision\convexdecomposition\HACDv2\AutoGeometry.cpp">
      <Filter>collision\convexdecomp\HACDv2</Filter>
    </ClCompile>
    <ClCompile Include="D:\ChronoCode\chrono\src\collision\convexdecomposition\HACDv2\HACD.cpp">
      <Filter>collision\convexdecomp\HACDv2</Filter>
    </ClCompile>
    <ClCompile Include="D:\ChronoCode\chrono\src\collision\convexdecomposition\HACDv2\ConvexHull.cpp">
      <Filter>collision\convexdecomp\HACDv2</Filter>
    </ClCompile>
    <ClCompile Include="D:\ChronoCode\chrono\src\collision\convexdecomposition\HACDv2\WuQuantizer.cpp">
      <Filter>collision\convexdecomp\HACDv2</Filter>
    </ClCompile>
    <ClCompile Include="D:\ChronoCode\chrono\src\collision\convexdecomposition\HACDv2\dgTypes.cpp">
      <Filter>collision\convexdecomp\HACDv2</Filter>
    </ClCompile>
    <ClCompile Include="D:\ChronoCode\chrono\src\collision\convexdecomposition\HACDv2\dgConvexHull3d.cpp">
      <Filter>collision\convexdecomp\HACDv2</Filter>
    </ClCompile>
    <ClCompile Include="D:\ChronoCode\chrono\src\collision\convexdecomposition\HACDv2\dgTree.cpp">
      <Filter>collision\convexdecomp\HACDv2</Filter>
    </ClCompile>
    <ClCompile Include="D:\ChronoCode\chrono\src\collision\convexdecomposition\HACDv2\dgGoogol.cpp">
      <Filter>collision\convexdecomp\HACDv2</Filter>
    </ClCompile>
    <ClCompile Include="D:\ChronoCode\chrono\src\collision\convexdecomposition\HACDv2\dgSphere.cpp">
      <Filter>collision\convexdecomp\HACDv2</Filter>
    </ClCompile>
    <ClCompile Include="D:\ChronoCode\chrono\src\collision\convexdecomposition\HACDv2\dgSmallDeterminant.cpp">
      <Filter>collision\convexdecomp\HACDv2</Filter>
    </ClCompile>
    <ClCompile Include="D:\ChronoCode\chrono\src\collision\convexdecomposition\HACDv2\dgQuaternion.cpp">
      <Filter>collision\convexdecomp\HACDv2</Filter>
    </ClCompile>
    <ClCompile Include="D:\ChronoCode\chrono\src\collision\convexdecomposition\HACDv2\dgMatrix.cpp">
      <Filter>collision\convexdecomp\HACDv2</Filter>
    </ClCompile>
    <ClCompile Include="D:\ChronoCode\chrono\src\collision\convexdecomposition\HACDv2\dgPolyhedra.cpp">
      <Filter>collision\convexdecomp\HACDv2</Filter>
    </ClCompile>
    <ClCompile Include="D:\ChronoCode\chrono\src\collision\convexdecomposition\HACDv2\dgMeshEffect.cpp">
      <Filter>collision\convexdecomp\HACDv2</Filter>
    </ClCompile>
    <ClCompile Include="D:\ChronoCode\chrono\src\collision\convexdecomposition\HACDv2\MergeHulls.cpp">
      <Filter>collision\convexdecomp\HACDv2</Filter>
    </ClCompile>
    <ClCompile Include="D:\ChronoCode\chrono\src\collision\convexdecomposition\HACDv2\wavefront.cpp">
      <Filter>collision\convexdecomp\HACDv2</Filter>
    </ClCompile>
    <ClCompile Include="D:\ChronoCode\chrono\src\pneumatica\assepneumatico.cpp">
      <Filter>pneumatica</Filter>
    </ClCompile>
    <ClCompile Include="D:\ChronoCode\chrono\src\pneumatica\pistone.cpp">
      <Filter>pneumatica</Filter>
    </ClCompile>
    <ClCompile Include="D:\ChronoCode\chrono\src\pneumatica\pistone_3_2.cpp">
      <Filter>pneumatica</Filter>
    </ClCompile>
    <ClCompile Include="D:\ChronoCode\chrono\src\pneumatica\pistone_3_2_prop.cpp">
      <Filter>pneumatica</Filter>
    </ClCompile>
    <ClCompile Include="D:\ChronoCode\chrono\src\pneumatica\sis_attuatore_3_2.cpp">
      <Filter>pneumatica</Filter>
    </ClCompile>
    <ClCompile Include="D:\ChronoCode\chrono\src\pneumatica\sis_attuatore_3_2_prop.cpp">
      <Filter>pneumatica</Filter>
    </ClCompile>
    <ClCompile Include="D:\ChronoCode\chrono\src\pneumatica\sistema.cpp">
      <Filter>pneumatica</Filter>
    </ClCompile>
    <ClCompile Include="D:\ChronoCode\chrono\src\pneumatica\ugello.cpp">
      <Filter>pneumatica</Filter>
    </ClCompile>
    <ClCompile Include="D:\ChronoCode\chrono\src\pneumatica\ugello_controllato.cpp">
      <Filter>pneumatica</Filter>
    </ClCompile>
    <ClCompile Include="D:\ChronoCode\chrono\src\pneumatica\ugello_controllato_PA.cpp">
      <Filter>pneumatica</Filter>
    </ClCompile>
    <ClCompile Include="D:\ChronoCode\chrono\src\pneumatica\ugello_controllato_RA.cpp">
      <Filter>pneumatica</Filter>
    </ClCompile>
    <ClCompile Include="D:\ChronoCode\chrono\src\pneumatica\valvola_3_2.cpp">
      <Filter>pneumatica</Filter>
    </ClCompile>
    <ClCompile Include="D:\ChronoCode\chrono\src\pneumatica\valvola_3_2_prop.cpp">
      <Filter>pneumatica</Filter>
    </ClCompile>
    <ClCompile Include="D:\ChronoCode\chrono\src\motion_functions\ChFunction_Base.cpp">
      <Filter>motion_functions</Filter>
    </ClCompile>
    <ClCompile Include="D:\ChronoCode\chrono\src\motion_functions\ChFunction_Const.cpp">
      <Filter>motion_functions</Filter>
    </ClCompile>
    <ClCompile Include="D:\ChronoCode\chrono\src\motion_functions\ChFunction_ConstAcc.cpp">
      <Filter>motion_functions</Filter>
    </ClCompile>
    <ClCompile Include="D:\ChronoCode\chrono\src\motion_functions\ChFunction_Derive.cpp">
      <Filter>motion_functions</Filter>
    </ClCompile>
    <ClCompile Include="D:\ChronoCode\chrono\src\motion_functions\ChFunction_Fillet3.cpp">
      <Filter>motion_functions</Filter>
    </ClCompile>
    <ClCompile Include="D:\ChronoCode\chrono\src\motion_functions\ChFunction_Integrate.cpp">
      <Filter>motion_functions</Filter>
    </ClCompile>
    <ClCompile Include="D:\ChronoCode\chrono\src\motion_functions\ChFunction_Matlab.cpp">
      <Filter>motion_functions</Filter>
    </ClCompile>
    <ClCompile Include="D:\ChronoCode\chrono\src\motion_functions\ChFunction_Mirror.cpp">
      <Filter>motion_functions</Filter>
    </ClCompile>
    <ClCompile Include="D:\ChronoCode\chrono\src\motion_functions\ChFunction_Mocap.cpp">
      <Filter>motion_functions</Filter>
    </ClCompile>
    <ClCompile Include="D:\ChronoCode\chrono\src\motion_functions\ChFunction_Noise.cpp">
      <Filter>motion_functions</Filter>
    </ClCompile>
    <ClCompile Include="D:\ChronoCode\chrono\src\motion_functions\ChFunction_Operation.cpp">
      <Filter>motion_functions</Filter>
    </ClCompile>
    <ClCompile Include="D:\ChronoCode\chrono\src\motion_functions\ChFunction_Oscilloscope.cpp">
      <Filter>motion_functions</Filter>
    </ClCompile>
    <ClCompile Include="D:\ChronoCode\chrono\src\motion_functions\ChFunction_Poly345.cpp">
      <Filter>motion_functions</Filter>
    </ClCompile>
    <ClCompile Include="D:\ChronoCode\chrono\src\motion_functions\ChFunction_Poly.cpp">
      <Filter>motion_functions</Filter>
    </ClCompile>
    <ClCompile Include="D:\ChronoCode\chrono\src\motion_functions\ChFunction_Ramp.cpp">
      <Filter>motion_functions</Filter>
    </ClCompile>
    <ClCompile Include="D:\ChronoCode\chrono\src\motion_functions\ChFunction_Recorder.cpp">
      <Filter>motion_functions</Filter>
    </ClCompile>
    <ClCompile Include="D:\ChronoCode\chrono\src\motion_functions\ChFunction_Repeat.cpp">
      <Filter>motion_functions</Filter>
    </ClCompile>
    <ClCompile Include="D:\ChronoCode\chrono\src\motion_functions\ChFunction_Sequence.cpp">
      <Filter>motion_functions</Filter>
    </ClCompile>
    <ClCompile Include="D:\ChronoCode\chrono\src\motion_functions\ChFunction_Sigma.cpp">
      <Filter>motion_functions</Filter>
    </ClCompile>
    <ClCompile Include="D:\ChronoCode\chrono\src\motion_functions\ChFunction_Sine.cpp">
      <Filter>motion_functions</Filter>
    </ClCompile>
    <ClCompile Include="D:\ChronoCode\chrono\src\parallel\ChThreads.cpp">
      <Filter>parallel</Filter>
    </ClCompile>
    <ClCompile Include="D:\ChronoCode\chrono\src\parallel\ChThreadsPOSIX.cpp">
      <Filter>parallel</Filter>
    </ClCompile>
    <ClCompile Include="D:\ChronoCode\chrono\src\parallel\ChThreadsWIN32.cpp">
      <Filter>parallel</Filter>
    </ClCompile>
    <ClCompile Include="D:\ChronoCode\chrono\src\collision\bullet\BulletCollision\BroadphaseCollision\btAxisSweep3.cpp">
      <Filter>collision\bullet</Filter>
    </ClCompile>
    <ClCompile Include="D:\ChronoCode\chrono\src\collision\bullet\BulletCollision\BroadphaseCollision\btSimpleBroadphase.cpp">
      <Filter>collision\bullet</Filter>
    </ClCompile>
    <ClCompile Include="D:\ChronoCode\chrono\src\collision\bullet\BulletCollision\BroadphaseCollision\btOverlappingPairCache.cpp">
      <Filter>collision\bullet</Filter>
    </ClCompile>
    <ClCompile Include="D:\ChronoCode\chrono\src\collision\bullet\BulletCollision\BroadphaseCollision\btBroadphaseProxy.cpp">
      <Filter>collision\bullet</Filter>
    </ClCompile>
    <ClCompile Include="D:\ChronoCode\chrono\src\collision\bullet\BulletCollision\BroadphaseCollision\btDispatcher.cpp">
      <Filter>collision\bullet</Filter>
    </ClCompile>
    <ClCompile Include="D:\ChronoCode\chrono\src\collision\bullet\BulletCollision\BroadphaseCollision\btMultiSapBroadphase.cpp">
      <Filter>collision\bullet</Filter>
    </ClCompile>
    <ClCompile Include="D:\ChronoCode\chrono\src\collision\bullet\BulletCollision\BroadphaseCollision\btCollisionAlgorithm.cpp">
      <Filter>collision\bullet</Filter>
    </ClCompile>
    <ClCompile Include="D:\ChronoCode\chrono\src\collision\bullet\BulletCollision\BroadphaseCollision\btDbvt.cpp">
      <Filter>collision\bullet</Filter>
    </ClCompile>
    <ClCompile Include="D:\ChronoCode\chrono\src\collision\bullet\BulletCollision\BroadphaseCollision\btDbvtBroadphase.cpp">
      <Filter>collision\bullet</Filter>
    </ClCompile>
    <ClCompile Include="D:\ChronoCode\chrono\src\collision\bullet\BulletCollision\BroadphaseCollision\btQuantizedBvh.cpp">
      <Filter>collision\bullet</Filter>
    </ClCompile>
    <ClCompile Include="D:\ChronoCode\chrono\src\collision\bullet\BulletCollision\CollisionDispatch\btUnionFind.cpp">
      <Filter>collision\bullet</Filter>
    </ClCompile>
    <ClCompile Include="D:\ChronoCode\chrono\src\collision\bullet\BulletCollision\CollisionDispatch\btCollisionDispatcher.cpp">
      <Filter>collision\bullet</Filter>
    </ClCompile>
    <ClCompile Include="D:\ChronoCode\chrono\src\collision\bullet\BulletCollision\CollisionDispatch\btSphereSphereCollisionAlgorithm.cpp">
      <Filter>collision\bullet</Filter>
    </ClCompile>
    <ClCompile Include="D:\ChronoCode\chrono\src\collision\bullet\BulletCollision\CollisionDispatch\btCollisionObject.cpp">
      <Filter>collision\bullet</Filter>
    </ClCompile>
    <ClCompile Include="D:\ChronoCode\chrono\src\collision\bullet\BulletCollision\CollisionDispatch\btSphereBoxCollisionAlgorithm.cpp">
      <Filter>collision\bullet</Filter>
    </ClCompile>
    <ClCompile Include="D:\ChronoCode\chrono\src\collision\bullet\BulletCollision\CollisionDispatch\btCollisionWorld.cpp">
      <Filter>collision\bullet</Filter>
    </ClCompile>
    <ClCompile Include="D:\ChronoCode\chrono\src\collision\bullet\BulletCollision\CollisionDispatch\btSimulationIslandManager.cpp">
      <Filter>collision\bullet</Filter>
    </ClCompile>
    <ClCompile Include="D:\ChronoCode\chrono\src\collision\bullet\BulletCollision\CollisionDispatch\btCompoundCollisionAlgorithm.cpp">
      <Filter>collision\bullet</Filter>
    </ClCompile>
    <ClCompile Include="D:\ChronoCode\chrono\src\collision\bullet\BulletCollision\CollisionDispatch\btManifoldResult.cpp">
      <Filter>collision\bullet</Filter>
    </ClCompile>
    <ClCompile Include="D:\ChronoCode\chrono\src\collision\bullet\BulletCollision\CollisionDispatch\btConvexConcaveCollisionAlgorithm.cpp">
      <Filter>collision\bullet</Filter>
    </ClCompile>
    <ClCompile Include="D:\ChronoCode\chrono\src\collision\bullet\BulletCollision\CollisionDispatch\btEmptyCollisionAlgorithm.cpp">
      <Filter>collision\bullet</Filter>
    </ClCompile>
    <ClCompile Include="D:\ChronoCode\chrono\src\collision\bullet\BulletCollision\CollisionDispatch\btSphereTriangleCollisionAlgorithm.cpp">
      <Filter>collision\bullet</Filter>
    </ClCompile>
    <ClCompile Include="D:\ChronoCode\chrono\src\collision\bullet\BulletCollision\CollisionDispatch\btConvexConvexAlgorithm.cpp">
      <Filter>collision\bullet</Filter>
    </ClCompile>
    <ClCompile Include="D:\ChronoCode\chrono\src\collision\bullet\BulletCollision\CollisionDispatch\SphereTriangleDetector.cpp">
      <Filter>collision\bullet</Filter>
    </ClCompile>
    <ClCompile Include="D:\ChronoCode\chrono\src\collision\bullet\BulletCollision\CollisionDispatch\btDefaultCollisionConfiguration.cpp">
      <Filter>collision\bullet</Filter>
    </ClCompile>
    <ClCompile Include="D:\ChronoCode\chrono\src\collision\bullet\BulletCollision\CollisionDispatch\btConvexPlaneCollisionAlgorithm.cpp">
      <Filter>collision\bullet</Filter>
    </ClCompile>
    <ClCompile Include="D:\ChronoCode\chrono\src\collision\bullet\BulletCollision\CollisionDispatch\btActivatingCollisionAlgorithm.cpp">
      <Filter>collision\bullet</Filter>
    </ClCompile>
    <ClCompile Include="D:\ChronoCode\chrono\src\collision\bullet\BulletCollision\CollisionDispatch\btBox2dBox2dCollisionAlgorithm.cpp">
      <Filter>collision\bullet</Filter>
    </ClCompile>
    <ClCompile Include="D:\ChronoCode\chrono\src\collision\bullet\BulletCollision\CollisionDispatch\btBoxBoxCollisionAlgorithm.cpp">
      <Filter>collision\bullet</Filter>
    </ClCompile>
    <ClCompile Include="D:\ChronoCode\chrono\src\collision\bullet\BulletCollision\CollisionDispatch\btBoxBoxDetector.cpp">
      <Filter>collision\bullet</Filter>
    </ClCompile>
    <ClCompile Include="D:\ChronoCode\chrono\src\collision\bullet\BulletCollision\CollisionDispatch\btGhostObject.cpp">
      <Filter>collision\bullet</Filter>
    </ClCompile>
    <ClCompile Include="D:\ChronoCode\chrono\src\collision\bullet\BulletCollision\CollisionDispatch\btConvex2dConvex2dAlgorithm.cpp">
      <Filter>collision\bullet</Filter>
    </ClCompile>
    <ClCompile Include="D:\ChronoCode\chrono\src\collision\bullet\BulletCollision\CollisionDispatch\btInternalEdgeUtility.cpp">
      <Filter>collision\bullet</Filter>
    </ClCompile>
    <ClCompile Include="D:\ChronoCode\chrono\src\collision\bullet\BulletCollision\CollisionShapes\btBarrelShape.cpp">
      <Filter>collision\bullet</Filter>
    </ClCompile>
    <ClCompile Include="D:\ChronoCode\chrono\src\collision\bullet\BulletCollision\CollisionShapes\btBoxShape.cpp">
      <Filter>collision\bullet</Filter>
    </ClCompile>
    <ClCompile Include="D:\ChronoCode\chrono\src\collision\bullet\BulletCollision\CollisionShapes\btTriangleMeshShape.cpp">
      <Filter>collision\bullet</Filter>
    </ClCompile>
    <ClCompile Include="D:\ChronoCode\chrono\src\collision\bullet\BulletCollision\CollisionShapes\btBvhTriangleMeshShape.cpp">
      <Filter>collision\bullet</Filter>
    </ClCompile>
    <ClCompile Include="D:\ChronoCode\chrono\src\collision\bullet\BulletCollision\CollisionShapes\btTriangleMesh.cpp">
      <Filter>collision\bullet</Filter>
    </ClCompile>
    <ClCompile Include="D:\ChronoCode\chrono\src\collision\bullet\BulletCollision\CollisionShapes\btTriangleIndexVertexArray.cpp">
      <Filter>collision\bullet</Filter>
    </ClCompile>
    <ClCompile Include="D:\ChronoCode\chrono\src\collision\bullet\BulletCollision\CollisionShapes\btCollisionShape.cpp">
      <Filter>collision\bullet</Filter>
    </ClCompile>
    <ClCompile Include="D:\ChronoCode\chrono\src\collision\bullet\BulletCollision\CollisionShapes\btTriangleCallback.cpp">
      <Filter>collision\bullet</Filter>
    </ClCompile>
    <ClCompile Include="D:\ChronoCode\chrono\src\collision\bullet\BulletCollision\CollisionShapes\btCompoundShape.cpp">
      <Filter>collision\bullet</Filter>
    </ClCompile>
    <ClCompile Include="D:\ChronoCode\chrono\src\collision\bullet\BulletCollision\CollisionShapes\btTetrahedronShape.cpp">
      <Filter>collision\bullet</Filter>
    </ClCompile>
    <ClCompile Include="D:\ChronoCode\chrono\src\collision\bullet\BulletCollision\CollisionShapes\btConcaveShape.cpp">
      <Filter>collision\bullet</Filter>
    </ClCompile>
    <ClCompile Include="D:\ChronoCode\chrono\src\collision\bullet\BulletCollision\CollisionShapes\btStridingMeshInterface.cpp">
      <Filter>collision\bullet</Filter>
    </ClCompile>
    <ClCompile Include="D:\ChronoCode\chrono\src\collision\bullet\BulletCollision\CollisionShapes\btConeShape.cpp">
      <Filter>collision\bullet</Filter>
    </ClCompile>
    <ClCompile Include="D:\ChronoCode\chrono\src\collision\bullet\BulletCollision\CollisionShapes\btStaticPlaneShape.cpp">
      <Filter>collision\bullet</Filter>
    </ClCompile>
    <ClCompile Include="D:\ChronoCode\chrono\src\collision\bullet\BulletCollision\CollisionShapes\btConvexHullShape.cpp">
      <Filter>collision\bullet</Filter>
    </ClCompile>
    <ClCompile Include="D:\ChronoCode\chrono\src\collision\bullet\BulletCollision\CollisionShapes\btSphereShape.cpp">
      <Filter>collision\bullet</Filter>
    </ClCompile>
    <ClCompile Include="D:\ChronoCode\chrono\src\collision\bullet\BulletCollision\CollisionShapes\btConvexShape.cpp">
      <Filter>collision\bullet</Filter>
    </ClCompile>
    <ClCompile Include="D:\ChronoCode\chrono\src\collision\bullet\BulletCollision\CollisionShapes\btPolyhedralConvexShape.cpp">
      <Filter>collision\bullet</Filter>
    </ClCompile>
    <ClCompile Include="D:\ChronoCode\chrono\src\collision\bullet\BulletCollision\CollisionShapes\btConvexTriangleMeshShape.cpp">
      <Filter>collision\bullet</Filter>
    </ClCompile>
    <ClCompile Include="D:\ChronoCode\chrono\src\collision\bullet\BulletCollision\CollisionShapes\btOptimizedBvh.cpp">
      <Filter>collision\bullet</Filter>
    </ClCompile>
    <ClCompile Include="D:\ChronoCode\chrono\src\collision\bullet\BulletCollision\CollisionShapes\btCylinderShape.cpp">
      <Filter>collision\bullet</Filter>
    </ClCompile>
    <ClCompile Include="D:\ChronoCode\chrono\src\collision\bullet\BulletCollision\CollisionShapes\btMultiSphereShape.cpp">
      <Filter>collision\bullet</Filter>
    </ClCompile>
    <ClCompile Include="D:\ChronoCode\chrono\src\collision\bullet\BulletCollision\CollisionShapes\btEmptyShape.cpp">
      <Filter>collision\bullet</Filter>
    </ClCompile>
    <ClCompile Include="D:\ChronoCode\chrono\src\collision\bullet\BulletCollision\CollisionShapes\btMinkowskiSumShape.cpp">
      <Filter>collision\bullet</Filter>
    </ClCompile>
    <ClCompile Include="D:\ChronoCode\chrono\src\collision\bullet\BulletCollision\CollisionShapes\btTriangleBuffer.cpp">
      <Filter>collision\bullet</Filter>
    </ClCompile>
    <ClCompile Include="D:\ChronoCode\chrono\src\collision\bullet\BulletCollision\CollisionShapes\btHeightfieldTerrainShape.cpp">
      <Filter>collision\bullet</Filter>
    </ClCompile>
    <ClCompile Include="D:\ChronoCode\chrono\src\collision\bullet\BulletCollision\CollisionShapes\btCapsuleShape.cpp">
      <Filter>collision\bullet</Filter>
    </ClCompile>
    <ClCompile Include="D:\ChronoCode\chrono\src\collision\bullet\BulletCollision\CollisionShapes\btConvexInternalShape.cpp">
      <Filter>collision\bullet</Filter>
    </ClCompile>
    <ClCompile Include="D:\ChronoCode\chrono\src\collision\bullet\BulletCollision\CollisionShapes\btUniformScalingShape.cpp">
      <Filter>collision\bullet</Filter>
    </ClCompile>
    <ClCompile Include="D:\ChronoCode\chrono\src\collision\bullet\BulletCollision\CollisionShapes\btBox2dShape.cpp">
      <Filter>collision\bullet</Filter>
    </ClCompile>
    <ClCompile Include="D:\ChronoCode\chrono\src\collision\bullet\BulletCollision\CollisionShapes\btConvex2dShape.cpp">
      <Filter>collision\bullet</Filter>
    </ClCompile>
    <ClCompile Include="D:\ChronoCode\chrono\src\collision\bullet\BulletCollision\CollisionShapes\btConvexPointCloudShape.cpp">
      <Filter>collision\bullet</Filter>
    </ClCompile>
    <ClCompile Include="D:\ChronoCode\chrono\src\collision\bullet\BulletCollision\CollisionShapes\btMultimaterialTriangleMeshShape.cpp">
      <Filter>collision\bullet</Filter>
    </ClCompile>
    <ClCompile Include="D:\ChronoCode\chrono\src\collision\bullet\BulletCollision\CollisionShapes\btScaledBvhTriangleMeshShape.cpp">
      <Filter>collision\bullet</Filter>
    </ClCompile>
    <ClCompile Include="D:\ChronoCode\chrono\src\collision\bullet\BulletCollision\CollisionShapes\btShapeHull.cpp">
      <Filter>collision\bullet</Filter>
    </ClCompile>
    <ClCompile Include="D:\ChronoCode\chrono\src\collision\bullet\BulletCollision\CollisionShapes\btTriangleIndexVertexMaterialArray.cpp">
      <Filter>collision\bullet</Filter>
    </ClCompile>
    <ClCompile Include="D:\ChronoCode\chrono\src\collision\bullet\BulletCollision\NarrowPhaseCollision\btContinuousConvexCollision.cpp">
      <Filter>collision\bullet</Filter>
    </ClCompile>
    <ClCompile Include="D:\ChronoCode\chrono\src\collision\bullet\BulletCollision\NarrowPhaseCollision\btSubSimplexConvexCast.cpp">
      <Filter>collision\bullet</Filter>
    </ClCompile>
    <ClCompile Include="D:\ChronoCode\chrono\src\collision\bullet\BulletCollision\NarrowPhaseCollision\btConvexCast.cpp">
      <Filter>collision\bullet</Filter>
    </ClCompile>
    <ClCompile Include="D:\ChronoCode\chrono\src\collision\bullet\BulletCollision\NarrowPhaseCollision\btRaycastCallback.cpp">
      <Filter>collision\bullet</Filter>
    </ClCompile>
    <ClCompile Include="D:\ChronoCode\chrono\src\collision\bullet\BulletCollision\NarrowPhaseCollision\btPersistentManifold.cpp">
      <Filter>collision\bullet</Filter>
    </ClCompile>
    <ClCompile Include="D:\ChronoCode\chrono\src\collision\bullet\BulletCollision\NarrowPhaseCollision\btMinkowskiPenetrationDepthSolver.cpp">
      <Filter>collision\bullet</Filter>
    </ClCompile>
    <ClCompile Include="D:\ChronoCode\chrono\src\collision\bullet\BulletCollision\NarrowPhaseCollision\btGjkConvexCast.cpp">
      <Filter>collision\bullet</Filter>
    </ClCompile>
    <ClCompile Include="D:\ChronoCode\chrono\src\collision\bullet\BulletCollision\NarrowPhaseCollision\btGjkEpaPenetrationDepthSolver.cpp">
      <Filter>collision\bullet</Filter>
    </ClCompile>
    <ClCompile Include="D:\ChronoCode\chrono\src\collision\bullet\BulletCollision\NarrowPhaseCollision\btVoronoiSimplexSolver.cpp">
      <Filter>collision\bullet</Filter>
    </ClCompile>
    <ClCompile Include="D:\ChronoCode\chrono\src\collision\bullet\BulletCollision\NarrowPhaseCollision\btGjkPairDetector.cpp">
      <Filter>collision\bullet</Filter>
    </ClCompile>
    <ClCompile Include="D:\ChronoCode\chrono\src\collision\bullet\BulletCollision\NarrowPhaseCollision\btGjkEpa2.cpp">
      <Filter>collision\bullet</Filter>
    </ClCompile>
    <ClCompile Include="D:\ChronoCode\chrono\src\collision\bullet\BulletFileLoader\bChunk.cpp">
      <Filter>collision\bullet</Filter>
    </ClCompile>
    <ClCompile Include="D:\ChronoCode\chrono\src\collision\bullet\BulletFileLoader\bDNA.cpp">
      <Filter>collision\bullet</Filter>
    </ClCompile>
    <ClCompile Include="D:\ChronoCode\chrono\src\collision\bullet\BulletFileLoader\bFile.cpp">
      <Filter>collision\bullet</Filter>
    </ClCompile>
    <ClCompile Include="D:\ChronoCode\chrono\src\collision\bullet\BulletFileLoader\btBulletFile.cpp">
      <Filter>collision\bullet</Filter>
    </ClCompile>
    <ClCompile Include="D:\ChronoCode\chrono\src\collision\bullet\BulletWorldImporter\btBulletWorldImporter.cpp">
      <Filter>collision\bullet</Filter>
    </ClCompile>
    <ClCompile Include="D:\ChronoCode\chrono\src\collision\bullet\LinearMath\btQuickprof.cpp">
      <Filter>collision\bullet</Filter>
    </ClCompile>
    <ClCompile Include="D:\ChronoCode\chrono\src\collision\bullet\LinearMath\btAlignedAllocator.cpp">
      <Filter>collision\bullet</Filter>
    </ClCompile>
    <ClCompile Include="D:\ChronoCode\chrono\src\collision\bullet\LinearMath\btGeometryUtil.cpp">
      <Filter>collision\bullet</Filter>
    </ClCompile>
    <ClCompile Include="D:\ChronoCode\chrono\src\collision\bullet\LinearMath\btConvexHull.cpp">
      <Filter>collision\bullet</Filter>
    </ClCompile>
    <ClCompile Include="D:\ChronoCode\chrono\src\collision\bullet\LinearMath\btSerializer.cpp">
      <Filter>collision\bullet</Filter>
    </ClCompile>
    <ClCompile Include="D:\ChronoCode\chrono\src\collision\gimpact\GIMPACT\core\gim_box_set.cpp">
      <Filter>collision\gimpact</Filter>
    </ClCompile>
    <ClCompile Include="D:\ChronoCode\chrono\src\collision\gimpact\GIMPACT\core\gim_contact.cpp">
      <Filter>collision\gimpact</Filter>
    </ClCompile>
    <ClCompile Include="D:\ChronoCode\chrono\src\collision\gimpact\GIMPACT\core\gim_memory.cpp">
      <Filter>collision\gimpact</Filter>
    </ClCompile>
    <ClCompile Include="D:\ChronoCode\chrono\src\collision\gimpact\GIMPACT\core\gim_tri_collision.cpp">
      <Filter>collision\gimpact</Filter>
    </ClCompile>
    <ClCompile Include="D:\ChronoCode\chrono\src\collision\gimpact\GIMPACT\Bullet\btContactProcessing.cpp">
      <Filter>collision\gimpact</Filter>
    </ClCompile>
    <ClCompile Include="D:\ChronoCode\chrono\src\collision\gimpact\GIMPACT\Bullet\btGenericPoolAllocator.cpp">
      <Filter>collision\gimpact</Filter>
    </ClCompile>
    <ClCompile Include="D:\ChronoCode\chrono\src\collision\gimpact\GIMPACT\Bullet\btGImpactBvh.cpp">
      <Filter>collision\gimpact</Filter>
    </ClCompile>
    <ClCompile Include="D:\ChronoCode\chrono\src\collision\gimpact\GIMPACT\Bullet\btGImpactCollisionAlgorithm.cpp">
      <Filter>collision\gimpact</Filter>
    </ClCompile>
    <ClCompile Include="D:\ChronoCode\chrono\src\collision\gimpact\GIMPACT\Bullet\btGImpactQuantizedBvh.cpp">
      <Filter>collision\gimpact</Filter>
    </ClCompile>
    <ClCompile Include="D:\ChronoCode\chrono\src\collision\gimpact\GIMPACT\Bullet\btGImpactShape.cpp">
      <Filter>collision\gimpact</Filter>
    </ClCompile>
    <ClCompile Include="D:\ChronoCode\chrono\src\collision\gimpact\GIMPACT\Bullet\btTriangleShapeEx.cpp">
      <Filter>collision\gimpact</Filter>
    </ClCompile>
    <ClCompile Include="D:\ChronoCode\chrono\src\collision\gimpact\GIMPACTUtils\btGImpactConvexDecompositionShape.cpp">
      <Filter>collision\gimpact</Filter>
    </ClCompile>
    <ClCompile Include="D:\ChronoCode\chrono\src\collision\gimpact\ConvexDecomposition\bestfit.cpp">
      <Filter>collision\gimpact</Filter>
    </ClCompile>
    <ClCompile Include="D:\ChronoCode\chrono\src\collision\gimpact\ConvexDecomposition\bestfitobb.cpp">
      <Filter>collision\gimpact</Filter>
    </ClCompile>
    <ClCompile Include="D:\ChronoCode\chrono\src\collision\gimpact\ConvexDecomposition\cd_hull.cpp">
      <Filter>collision\gimpact</Filter>
    </ClCompile>
    <ClCompile Include="D:\ChronoCode\chrono\src\collision\gimpact\ConvexDecomposition\concavity.cpp">
      <Filter>collision\gimpact</Filter>
    </ClCompile>
    <ClCompile Include="D:\ChronoCode\chrono\src\collision\gimpact\ConvexDecomposition\ConvexBuilder.cpp">
      <Filter>collision\gimpact</Filter>
    </ClCompile>
    <ClCompile Include="D:\ChronoCode\chrono\src\collision\gimpact\ConvexDecomposition\ConvexDecomposition.cpp">
      <Filter>collision\gimpact</Filter>
    </ClCompile>
    <ClCompile Include="D:\ChronoCode\chrono\src\collision\gimpact\ConvexDecomposition\fitsphere.cpp">
      <Filter>collision\gimpact</Filter>
    </ClCompile>
    <ClCompile Include="D:\ChronoCode\chrono\src\collision\gimpact\ConvexDecomposition\float_math.cpp">
      <Filter>collision\gimpact</Filter>
    </ClCompile>
    <ClCompile Include="D:\ChronoCode\chrono\src\collision\gimpact\ConvexDecomposition\meshvolume.cpp">
      <Filter>collision\gimpact</Filter>
    </ClCompile>
    <ClCompile Include="D:\ChronoCode\chrono\src\collision\gimpact\ConvexDecomposition\planetri.cpp">
      <Filter>collision\gimpact</Filter>
    </ClCompile>
    <ClCompile Include="D:\ChronoCode\chrono\src\collision\gimpact\ConvexDecomposition\raytri.cpp">
      <Filter>collision\gimpact</Filter>
    </ClCompile>
    <ClCompile Include="D:\ChronoCode\chrono\src\collision\gimpact\ConvexDecomposition\splitplane.cpp">
      <Filter>collision\gimpact</Filter>
    </ClCompile>
    <ClCompile Include="D:\ChronoCode\chrono\src\collision\gimpact\ConvexDecomposition\vlookup.cpp">
      <Filter>collision\gimpact</Filter>
    </ClCompile>
  </ItemGroup>
  <ItemGroup>
    <ClInclude Include="D:\ChronoCode\chrono\src\core\ChApiCE.h">
      <Filter>core</Filter>
    </ClInclude>
    <ClInclude Include="D:\ChronoCode\chrono\src\core\ChChrono.h">
      <Filter>core</Filter>
    </ClInclude>
    <ClInclude Include="D:\ChronoCode\chrono\src\core\ChClassRegister.h">
      <Filter>core</Filter>
    </ClInclude>
    <ClInclude Include="D:\ChronoCode\chrono\src\core\ChCoordsys.h">
      <Filter>core</Filter>
    </ClInclude>
    <ClInclude Include="D:\ChronoCode\chrono\src\core\ChException.h">
      <Filter>core</Filter>
    </ClInclude>
    <ClInclude Include="D:\ChronoCode\chrono\src\core\ChFrame.h">
      <Filter>core</Filter>
    </ClInclude>
    <ClInclude Include="D:\ChronoCode\chrono\src\core\ChFrameMoving.h">
      <Filter>core</Filter>
    </ClInclude>
    <ClInclude Include="D:\ChronoCode\chrono\src\core\ChHashFunction.h">
      <Filter>core</Filter>
    </ClInclude>
    <ClInclude Include="D:\ChronoCode\chrono\src\core\ChHashTable.h">
      <Filter>core</Filter>
    </ClInclude>
    <ClInclude Include="D:\ChronoCode\chrono\src\core\ChLinearAlgebra.h">
      <Filter>core</Filter>
    </ClInclude>
    <ClInclude Include="D:\ChronoCode\chrono\src\core\ChLists.h">
      <Filter>core</Filter>
    </ClInclude>
    <ClInclude Include="D:\ChronoCode\chrono\src\core\ChLog.h">
      <Filter>core</Filter>
    </ClInclude>
    <ClInclude Include="D:\ChronoCode\chrono\src\core\ChMath.h">
      <Filter>core</Filter>
    </ClInclude>
    <ClInclude Include="D:\ChronoCode\chrono\src\core\ChMathematics.h">
      <Filter>core</Filter>
    </ClInclude>
    <ClInclude Include="D:\ChronoCode\chrono\src\core\ChMatrix.h">
      <Filter>core</Filter>
    </ClInclude>
    <ClInclude Include="D:\ChronoCode\chrono\src\core\ChMemory.h">
      <Filter>core</Filter>
    </ClInclude>
    <ClInclude Include="D:\ChronoCode\chrono\src\core\ChPlatform.h">
      <Filter>core</Filter>
    </ClInclude>
    <ClInclude Include="D:\ChronoCode\chrono\src\core\ChQuaternion.h">
      <Filter>core</Filter>
    </ClInclude>
    <ClInclude Include="D:\ChronoCode\chrono\src\core\ChRunTimeType.h">
      <Filter>core</Filter>
    </ClInclude>
    <ClInclude Include="D:\ChronoCode\chrono\src\core\ChShared.h">
      <Filter>core</Filter>
    </ClInclude>
    <ClInclude Include="D:\ChronoCode\chrono\src\core\ChSmartpointers.h">
      <Filter>core</Filter>
    </ClInclude>
    <ClInclude Include="D:\ChronoCode\chrono\src\core\ChFileutils.h">
      <Filter>core</Filter>
    </ClInclude>
    <ClInclude Include="D:\ChronoCode\chrono\src\core\ChRealtimeStep.h">
      <Filter>core</Filter>
    </ClInclude>
    <ClInclude Include="D:\ChronoCode\chrono\src\core\ChStream.h">
      <Filter>core</Filter>
    </ClInclude>
    <ClInclude Include="D:\ChronoCode\chrono\src\core\ChTimer.h">
      <Filter>core</Filter>
    </ClInclude>
    <ClInclude Include="D:\ChronoCode\chrono\src\core\ChTrasform.h">
      <Filter>core</Filter>
    </ClInclude>
    <ClInclude Include="D:\ChronoCode\chrono\src\core\ChVector.h">
      <Filter>core</Filter>
    </ClInclude>
    <ClInclude Include="D:\ChronoCode\chrono\src\core\ChSpmatrix.h">
      <Filter>core</Filter>
    </ClInclude>
    <ClInclude Include="D:\ChronoCode\chrono\src\core\ChWrapHashmap.h">
      <Filter>core</Filter>
    </ClInclude>
    <ClInclude Include="D:\ChronoCode\chrono\src\core\ChDistribution.h">
      <Filter>core</Filter>
    </ClInclude>
    <ClInclude Include="D:\ChronoCode\chrono\src\core\ChQuadrature.h">
      <Filter>core</Filter>
    </ClInclude>
    <ClInclude Include="D:\ChronoCode\chrono\src\physics\ChApidll.h">
      <Filter>physics</Filter>
    </ClInclude>
    <ClInclude Include="D:\ChronoCode\chrono\src\physics\ChBodyFrame.h">
      <Filter>physics</Filter>
    </ClInclude>
    <ClInclude Include="D:\ChronoCode\chrono\src\physics\ChBody.h">
      <Filter>physics</Filter>
    </ClInclude>
    <ClInclude Include="D:\ChronoCode\chrono\src\physics\ChBodyAuxRef.h">
      <Filter>physics</Filter>
    </ClInclude>
    <ClInclude Include="D:\ChronoCode\chrono\src\physics\ChBodyEasy.h">
      <Filter>physics</Filter>
    </ClInclude>
    <ClInclude Include="D:\ChronoCode\chrono\src\physics\ChConstraint.h">
      <Filter>physics</Filter>
    </ClInclude>
    <ClInclude Include="D:\ChronoCode\chrono\src\physics\ChContact.h">
      <Filter>physics</Filter>
    </ClInclude>
    <ClInclude Include="D:\ChronoCode\chrono\src\physics\ChContactContainer.h">
      <Filter>physics</Filter>
    </ClInclude>
    <ClInclude Include="D:\ChronoCode\chrono\src\physics\ChContactContainerBase.h">
      <Filter>physics</Filter>
    </ClInclude>
    <ClInclude Include="D:\ChronoCode\chrono\src\physics\ChContactContainerNodes.h">
      <Filter>physics</Filter>
    </ClInclude>
    <ClInclude Include="D:\ChronoCode\chrono\src\physics\ChContactNode.h">
      <Filter>physics</Filter>
    </ClInclude>
    <ClInclude Include="D:\ChronoCode\chrono\src\physics\ChContactRolling.h">
      <Filter>physics</Filter>
    </ClInclude>
    <ClInclude Include="D:\ChronoCode\chrono\src\physics\ChController.h">
      <Filter>physics</Filter>
    </ClInclude>
    <ClInclude Include="D:\ChronoCode\chrono\src\physics\ChControls.h">
      <Filter>physics</Filter>
    </ClInclude>
    <ClInclude Include="D:\ChronoCode\chrono\src\physics\ChConveyor.h">
      <Filter>physics</Filter>
    </ClInclude>
    <ClInclude Include="D:\ChronoCode\chrono\src\physics\ChEvents.h">
      <Filter>physics</Filter>
    </ClInclude>
    <ClInclude Include="D:\ChronoCode\chrono\src\physics\ChExternalObject.h">
      <Filter>physics</Filter>
    </ClInclude>
    <ClInclude Include="D:\ChronoCode\chrono\src\physics\ChFilePS.h">
      <Filter>physics</Filter>
    </ClInclude>
    <ClInclude Include="D:\ChronoCode\chrono\src\physics\ChForce.h">
      <Filter>physics</Filter>
    </ClInclude>
    <ClInclude Include="D:\ChronoCode\chrono\src\physics\ChFunction.h">
      <Filter>physics</Filter>
    </ClInclude>
    <ClInclude Include="D:\ChronoCode\chrono\src\physics\ChFx.h">
      <Filter>physics</Filter>
    </ClInclude>
    <ClInclude Include="D:\ChronoCode\chrono\src\physics\ChGlobal.h">
      <Filter>physics</Filter>
    </ClInclude>
    <ClInclude Include="D:\ChronoCode\chrono\src\physics\ChHistory.h">
      <Filter>physics</Filter>
    </ClInclude>
    <ClInclude Include="D:\ChronoCode\chrono\src\physics\ChIndexedNodes.h">
      <Filter>physics</Filter>
    </ClInclude>
    <ClInclude Include="D:\ChronoCode\chrono\src\physics\ChIndexedParticles.h">
      <Filter>physics</Filter>
    </ClInclude>
    <ClInclude Include="D:\ChronoCode\chrono\src\physics\ChIntegrator.h">
      <Filter>physics</Filter>
    </ClInclude>
    <ClInclude Include="D:\ChronoCode\chrono\src\physics\ChIterative.h">
      <Filter>physics</Filter>
    </ClInclude>
    <ClInclude Include="D:\ChronoCode\chrono\src\physics\ChLimit.h">
      <Filter>physics</Filter>
    </ClInclude>
    <ClInclude Include="D:\ChronoCode\chrono\src\physics\ChLinkBase.h">
      <Filter>physics</Filter>
    </ClInclude>
    <ClInclude Include="D:\ChronoCode\chrono\src\physics\ChLink.h">
      <Filter>physics</Filter>
    </ClInclude>
    <ClInclude Include="D:\ChronoCode\chrono\src\physics\ChLinkBrake.h">
      <Filter>physics</Filter>
    </ClInclude>
    <ClInclude Include="D:\ChronoCode\chrono\src\physics\ChLinkContact.h">
      <Filter>physics</Filter>
    </ClInclude>
    <ClInclude Include="D:\ChronoCode\chrono\src\physics\ChLinkDistance.h">
      <Filter>physics</Filter>
    </ClInclude>
    <ClInclude Include="D:\ChronoCode\chrono\src\physics\ChLinkEngine.h">
      <Filter>physics</Filter>
    </ClInclude>
    <ClInclude Include="D:\ChronoCode\chrono\src\physics\ChLinkFastContact.h">
      <Filter>physics</Filter>
    </ClInclude>
    <ClInclude Include="D:\ChronoCode\chrono\src\physics\ChLinkforce.h">
      <Filter>physics</Filter>
    </ClInclude>
    <ClInclude Include="D:\ChronoCode\chrono\src\physics\ChLinkGear.h">
      <Filter>physics</Filter>
    </ClInclude>
    <ClInclude Include="D:\ChronoCode\chrono\src\physics\ChLinkGeometric.h">
      <Filter>physics</Filter>
    </ClInclude>
    <ClInclude Include="D:\ChronoCode\chrono\src\physics\ChLinkLinActuator.h">
      <Filter>physics</Filter>
    </ClInclude>
    <ClInclude Include="D:\ChronoCode\chrono\src\physics\ChLinkLock.h">
      <Filter>physics</Filter>
    </ClInclude>
    <ClInclude Include="D:\ChronoCode\chrono\src\physics\ChLinkMarkers.h">
      <Filter>physics</Filter>
    </ClInclude>
    <ClInclude Include="D:\ChronoCode\chrono\src\physics\ChLinkMask.h">
      <Filter>physics</Filter>
    </ClInclude>
    <ClInclude Include="D:\ChronoCode\chrono\src\physics\ChLinkMasked.h">
      <Filter>physics</Filter>
    </ClInclude>
    <ClInclude Include="D:\ChronoCode\chrono\src\physics\ChLinkNumdiff.h">
      <Filter>physics</Filter>
    </ClInclude>
    <ClInclude Include="D:\ChronoCode\chrono\src\physics\ChLinkPneumaticActuator.h">
      <Filter>physics</Filter>
    </ClInclude>
    <ClInclude Include="D:\ChronoCode\chrono\src\physics\ChLinkPointSpline.h">
      <Filter>physics</Filter>
    </ClInclude>
    <ClInclude Include="D:\ChronoCode\chrono\src\physics\ChLinkPulley.h">
      <Filter>physics</Filter>
    </ClInclude>
    <ClInclude Include="D:\ChronoCode\chrono\src\physics\ChLinksAll.h">
      <Filter>physics</Filter>
    </ClInclude>
    <ClInclude Include="D:\ChronoCode\chrono\src\physics\ChLinkScrew.h">
      <Filter>physics</Filter>
    </ClInclude>
    <ClInclude Include="D:\ChronoCode\chrono\src\physics\ChLinkSpring.h">
      <Filter>physics</Filter>
    </ClInclude>
    <ClInclude Include="D:\ChronoCode\chrono\src\physics\ChLinkTrajectory.h">
      <Filter>physics</Filter>
    </ClInclude>
    <ClInclude Include="D:\ChronoCode\chrono\src\physics\ChLinkWheel.h">
      <Filter>physics</Filter>
    </ClInclude>
    <ClInclude Include="D:\ChronoCode\chrono\src\physics\ChLinkClearance.h">
      <Filter>physics</Filter>
    </ClInclude>
    <ClInclude Include="D:\ChronoCode\chrono\src\physics\ChLinkMate.h">
      <Filter>physics</Filter>
    </ClInclude>
    <ClInclude Include="D:\ChronoCode\chrono\src\physics\ChLinkRackpinion.h">
      <Filter>physics</Filter>
    </ClInclude>
    <ClInclude Include="D:\ChronoCode\chrono\src\physics\ChMarker.h">
      <Filter>physics</Filter>
    </ClInclude>
    <ClInclude Include="D:\ChronoCode\chrono\src\physics\ChMaterialCouple.h">
      <Filter>physics</Filter>
    </ClInclude>
    <ClInclude Include="D:\ChronoCode\chrono\src\physics\ChMaterialSurface.h">
      <Filter>physics</Filter>
    </ClInclude>
    <ClInclude Include="D:\ChronoCode\chrono\src\physics\ChMaterialSurfaceDEM.h">
      <Filter>physics</Filter>
    </ClInclude>
    <ClInclude Include="D:\ChronoCode\chrono\src\physics\ChMatterSPH.h">
      <Filter>physics</Filter>
    </ClInclude>
    <ClInclude Include="D:\ChronoCode\chrono\src\physics\ChNlsolver.h">
      <Filter>physics</Filter>
    </ClInclude>
    <ClInclude Include="D:\ChronoCode\chrono\src\physics\ChVariablesInterface.h">
      <Filter>physics</Filter>
    </ClInclude>
    <ClInclude Include="D:\ChronoCode\chrono\src\physics\ChNodeBase.h">
      <Filter>physics</Filter>
    </ClInclude>
    <ClInclude Include="D:\ChronoCode\chrono\src\physics\ChNodeXYZ.h">
      <Filter>physics</Filter>
    </ClInclude>
    <ClInclude Include="D:\ChronoCode\chrono\src\physics\ChObject.h">
      <Filter>physics</Filter>
    </ClInclude>
    <ClInclude Include="D:\ChronoCode\chrono\src\physics\ChParticlesClones.h">
      <Filter>physics</Filter>
    </ClInclude>
    <ClInclude Include="D:\ChronoCode\chrono\src\physics\ChPhysicsItem.h">
      <Filter>physics</Filter>
    </ClInclude>
    <ClInclude Include="D:\ChronoCode\chrono\src\physics\ChProbe.h">
      <Filter>physics</Filter>
    </ClInclude>
    <ClInclude Include="D:\ChronoCode\chrono\src\physics\ChProplist.h">
      <Filter>physics</Filter>
    </ClInclude>
    <ClInclude Include="D:\ChronoCode\chrono\src\physics\ChProximityContainerBase.h">
      <Filter>physics</Filter>
    </ClInclude>
    <ClInclude Include="D:\ChronoCode\chrono\src\physics\ChProximityContainerSPH.h">
      <Filter>physics</Filter>
    </ClInclude>
    <ClInclude Include="D:\ChronoCode\chrono\src\physics\ChRef.h">
      <Filter>physics</Filter>
    </ClInclude>
    <ClInclude Include="D:\ChronoCode\chrono\src\physics\ChScriptEngine.h">
      <Filter>physics</Filter>
    </ClInclude>
    <ClInclude Include="D:\ChronoCode\chrono\src\physics\ChShaft.h">
      <Filter>physics</Filter>
    </ClInclude>
    <ClInclude Include="D:\ChronoCode\chrono\src\physics\ChShaftsBody.h">
      <Filter>physics</Filter>
    </ClInclude>
    <ClInclude Include="D:\ChronoCode\chrono\src\physics\ChShaftsClutch.h">
      <Filter>physics</Filter>
    </ClInclude>
    <ClInclude Include="D:\ChronoCode\chrono\src\physics\ChShaftsCouple.h">
      <Filter>physics</Filter>
    </ClInclude>
    <ClInclude Include="D:\ChronoCode\chrono\src\physics\ChShaftsGear.h">
      <Filter>physics</Filter>
    </ClInclude>
    <ClInclude Include="D:\ChronoCode\chrono\src\physics\ChShaftsGearbox.h">
      <Filter>physics</Filter>
    </ClInclude>
    <ClInclude Include="D:\ChronoCode\chrono\src\physics\ChShaftsGearboxAngled.h">
      <Filter>physics</Filter>
    </ClInclude>
    <ClInclude Include="D:\ChronoCode\chrono\src\physics\ChShaftsMotor.h">
      <Filter>physics</Filter>
    </ClInclude>
    <ClInclude Include="D:\ChronoCode\chrono\src\physics\ChShaftsPlanetary.h">
      <Filter>physics</Filter>
    </ClInclude>
    <ClInclude Include="D:\ChronoCode\chrono\src\physics\ChShaftsTorsionSpring.h">
      <Filter>physics</Filter>
    </ClInclude>
    <ClInclude Include="D:\ChronoCode\chrono\src\physics\ChShaftsTorqueConverter.h">
      <Filter>physics</Filter>
    </ClInclude>
    <ClInclude Include="D:\ChronoCode\chrono\src\physics\ChSolver.h">
      <Filter>physics</Filter>
    </ClInclude>
    <ClInclude Include="D:\ChronoCode\chrono\src\physics\ChSolvmin.h">
      <Filter>physics</Filter>
    </ClInclude>
    <ClInclude Include="D:\ChronoCode\chrono\src\physics\ChStack.h">
      <Filter>physics</Filter>
    </ClInclude>
    <ClInclude Include="D:\ChronoCode\chrono\src\physics\ChSystem.h">
      <Filter>physics</Filter>
    </ClInclude>
    <ClInclude Include="D:\ChronoCode\chrono\src\physics\ChAssembly.h">
      <Filter>physics</Filter>
    </ClInclude>
    <ClInclude Include="D:\ChronoCode\chrono\src\physics\ChSystemDEM.h">
      <Filter>physics</Filter>
    </ClInclude>
    <ClInclude Include="D:\ChronoCode\chrono\src\physics\ChBodyDEM.h">
      <Filter>physics</Filter>
    </ClInclude>
    <ClInclude Include="D:\ChronoCode\chrono\src\physics\ChContactContainerDEM.h">
      <Filter>physics</Filter>
    </ClInclude>
    <ClInclude Include="D:\ChronoCode\chrono\src\physics\ChContactDEM.h">
      <Filter>physics</Filter>
    </ClInclude>
    <ClInclude Include="D:\ChronoCode\chrono\src\physics\ChTensors.h">
      <Filter>physics</Filter>
    </ClInclude>
    <ClInclude Include="D:\ChronoCode\chrono\src\physics\ChContinuumMaterial.h">
      <Filter>physics</Filter>
    </ClInclude>
    <ClInclude Include="D:\ChronoCode\chrono\src\lcp\ChLcpConstraint.h">
      <Filter>lcp</Filter>
    </ClInclude>
    <ClInclude Include="D:\ChronoCode\chrono\src\lcp\ChLcpConstraintNodeContactN.h">
      <Filter>lcp</Filter>
    </ClInclude>
    <ClInclude Include="D:\ChronoCode\chrono\src\lcp\ChLcpConstraintNodeFrictionT.h">
      <Filter>lcp</Filter>
    </ClInclude>
    <ClInclude Include="D:\ChronoCode\chrono\src\lcp\ChLcpConstraintThree.h">
      <Filter>lcp</Filter>
    </ClInclude>
    <ClInclude Include="D:\ChronoCode\chrono\src\lcp\ChLcpConstraintThreeBBShaft.h">
      <Filter>lcp</Filter>
    </ClInclude>
    <ClInclude Include="D:\ChronoCode\chrono\src\lcp\ChLcpConstraintThreeGeneric.h">
      <Filter>lcp</Filter>
    </ClInclude>
    <ClInclude Include="D:\ChronoCode\chrono\src\lcp\ChLcpConstraintTwo.h">
      <Filter>lcp</Filter>
    </ClInclude>
    <ClInclude Include="D:\ChronoCode\chrono\src\lcp\ChLcpConstraintTwoBodies.h">
      <Filter>lcp</Filter>
    </ClInclude>
    <ClInclude Include="D:\ChronoCode\chrono\src\lcp\ChLcpConstraintTwoContact.h">
      <Filter>lcp</Filter>
    </ClInclude>
    <ClInclude Include="D:\ChronoCode\chrono\src\lcp\ChLcpConstraintTwoContactN.h">
      <Filter>lcp</Filter>
    </ClInclude>
    <ClInclude Include="D:\ChronoCode\chrono\src\lcp\ChLcpConstraintTwoFriction.h">
      <Filter>lcp</Filter>
    </ClInclude>
    <ClInclude Include="D:\ChronoCode\chrono\src\lcp\ChLcpConstraintTwoFrictionApprox.h">
      <Filter>lcp</Filter>
    </ClInclude>
    <ClInclude Include="D:\ChronoCode\chrono\src\lcp\ChLcpConstraintTwoFrictionT.h">
      <Filter>lcp</Filter>
    </ClInclude>
    <ClInclude Include="D:\ChronoCode\chrono\src\lcp\ChLcpConstraintTwoGeneric.h">
      <Filter>lcp</Filter>
    </ClInclude>
    <ClInclude Include="D:\ChronoCode\chrono\src\lcp\ChLcpConstraintTwoGenericBoxed.h">
      <Filter>lcp</Filter>
    </ClInclude>
    <ClInclude Include="D:\ChronoCode\chrono\src\lcp\ChLcpConstraintTwoRollingN.h">
      <Filter>lcp</Filter>
    </ClInclude>
    <ClInclude Include="D:\ChronoCode\chrono\src\lcp\ChLcpConstraintTwoRollingT.h">
      <Filter>lcp</Filter>
    </ClInclude>
    <ClInclude Include="D:\ChronoCode\chrono\src\lcp\ChLcpDirectSolver.h">
      <Filter>lcp</Filter>
    </ClInclude>
    <ClInclude Include="D:\ChronoCode\chrono\src\lcp\ChLcpIterativeJacobi.h">
      <Filter>lcp</Filter>
    </ClInclude>
    <ClInclude Include="D:\ChronoCode\chrono\src\lcp\ChLcpIterativeMINRES.h">
      <Filter>lcp</Filter>
    </ClInclude>
    <ClInclude Include="D:\ChronoCode\chrono\src\lcp\ChLcpIterativePMINRES.h">
      <Filter>lcp</Filter>
    </ClInclude>
    <ClInclude Include="D:\ChronoCode\chrono\src\lcp\ChLcpIterativeBB.h">
      <Filter>lcp</Filter>
    </ClInclude>
    <ClInclude Include="D:\ChronoCode\chrono\src\lcp\ChLcpIterativePCG.h">
      <Filter>lcp</Filter>
    </ClInclude>
    <ClInclude Include="D:\ChronoCode\chrono\src\lcp\ChLcpIterativeAPGD.h">
      <Filter>lcp</Filter>
    </ClInclude>
    <ClInclude Include="D:\ChronoCode\chrono\src\lcp\ChLcpIterativeSolver.h">
      <Filter>lcp</Filter>
    </ClInclude>
    <ClInclude Include="D:\ChronoCode\chrono\src\lcp\ChLcpIterativeSOR.h">
      <Filter>lcp</Filter>
    </ClInclude>
    <ClInclude Include="D:\ChronoCode\chrono\src\lcp\ChLcpIterativeSORmultithread.h">
      <Filter>lcp</Filter>
    </ClInclude>
    <ClInclude Include="D:\ChronoCode\chrono\src\lcp\ChLcpIterativeSymmSOR.h">
      <Filter>lcp</Filter>
    </ClInclude>
    <ClInclude Include="D:\ChronoCode\chrono\src\lcp\ChLcpSimplexSolver.h">
      <Filter>lcp</Filter>
    </ClInclude>
    <ClInclude Include="D:\ChronoCode\chrono\src\lcp\ChLcpSolver.h">
      <Filter>lcp</Filter>
    </ClInclude>
    <ClInclude Include="D:\ChronoCode\chrono\src\lcp\ChLcpSystemDescriptor.h">
      <Filter>lcp</Filter>
    </ClInclude>
    <ClInclude Include="D:\ChronoCode\chrono\src\lcp\ChLcpVariables.h">
      <Filter>lcp</Filter>
    </ClInclude>
    <ClInclude Include="D:\ChronoCode\chrono\src\lcp\ChLcpVariablesBody.h">
      <Filter>lcp</Filter>
    </ClInclude>
    <ClInclude Include="D:\ChronoCode\chrono\src\lcp\ChLcpVariablesBodyOwnMass.h">
      <Filter>lcp</Filter>
    </ClInclude>
    <ClInclude Include="D:\ChronoCode\chrono\src\lcp\ChLcpVariablesBodySharedMass.h">
      <Filter>lcp</Filter>
    </ClInclude>
    <ClInclude Include="D:\ChronoCode\chrono\src\lcp\ChLcpVariablesGeneric.h">
      <Filter>lcp</Filter>
    </ClInclude>
    <ClInclude Include="D:\ChronoCode\chrono\src\lcp\ChLcpVariablesNode.h">
      <Filter>lcp</Filter>
    </ClInclude>
    <ClInclude Include="D:\ChronoCode\chrono\src\lcp\ChLcpKblock.h">
      <Filter>lcp</Filter>
    </ClInclude>
    <ClInclude Include="D:\ChronoCode\chrono\src\lcp\ChLcpKblockGeneric.h">
      <Filter>lcp</Filter>
    </ClInclude>
    <ClInclude Include="D:\ChronoCode\chrono\src\lcp\ChLcpSolverDEM.h">
      <Filter>lcp</Filter>
    </ClInclude>
    <ClInclude Include="D:\ChronoCode\chrono\src\collision\ChCCollisionInfo.h">
      <Filter>collision</Filter>
    </ClInclude>
    <ClInclude Include="D:\ChronoCode\chrono\src\collision\ChCCollisionModel.h">
      <Filter>collision</Filter>
    </ClInclude>
    <ClInclude Include="D:\ChronoCode\chrono\src\collision\ChCCollisionPair.h">
      <Filter>collision</Filter>
    </ClInclude>
    <ClInclude Include="D:\ChronoCode\chrono\src\collision\ChCCollisionSystem.h">
      <Filter>collision</Filter>
    </ClInclude>
    <ClInclude Include="D:\ChronoCode\chrono\src\collision\ChCCollisionSystemBullet.h">
      <Filter>collision</Filter>
    </ClInclude>
    <ClInclude Include="D:\ChronoCode\chrono\src\collision\ChCConvexDecomposition.h">
      <Filter>collision</Filter>
    </ClInclude>
    <ClInclude Include="D:\ChronoCode\chrono\src\collision\ChCModelBullet.h">
      <Filter>collision</Filter>
    </ClInclude>
    <ClInclude Include="D:\ChronoCode\chrono\src\collision\ChCModelBulletBody.h">
      <Filter>collision</Filter>
    </ClInclude>
    <ClInclude Include="D:\ChronoCode\chrono\src\collision\ChCModelBulletNode.h">
      <Filter>collision</Filter>
    </ClInclude>
    <ClInclude Include="D:\ChronoCode\chrono\src\collision\ChCModelBulletParticle.h">
      <Filter>collision</Filter>
    </ClInclude>
    <ClInclude Include="D:\ChronoCode\chrono\src\collision\ChCCollisionUtils.h">
      <Filter>collision</Filter>
    </ClInclude>
    <ClInclude Include="D:\ChronoCode\chrono\src\geometry\ChCGeometry.h">
      <Filter>geometry</Filter>
    </ClInclude>
    <ClInclude Include="D:\ChronoCode\chrono\src\geometry\ChCSphere.h">
      <Filter>geometry</Filter>
    </ClInclude>
    <ClInclude Include="D:\ChronoCode\chrono\src\geometry\ChCEllipsoid.h">
      <Filter>geometry</Filter>
    </ClInclude>
    <ClInclude Include="D:\ChronoCode\chrono\src\geometry\ChCBox.h">
      <Filter>geometry</Filter>
    </ClInclude>
    <ClInclude Include="D:\ChronoCode\chrono\src\geometry\ChCCone.h">
      <Filter>geometry</Filter>
    </ClInclude>
    <ClInclude Include="D:\ChronoCode\chrono\src\geometry\ChCCylinder.h">
      <Filter>geometry</Filter>
    </ClInclude>
    <ClInclude Include="D:\ChronoCode\chrono\src\geometry\ChCCapsule.h">
      <Filter>geometry</Filter>
    </ClInclude>
    <ClInclude Include="D:\ChronoCode\chrono\src\geometry\ChCLine.h">
      <Filter>geometry</Filter>
    </ClInclude>
    <ClInclude Include="D:\ChronoCode\chrono\src\geometry\ChCLineCam.h">
      <Filter>geometry</Filter>
    </ClInclude>
    <ClInclude Include="D:\ChronoCode\chrono\src\geometry\ChCLinePoly.h">
      <Filter>geometry</Filter>
    </ClInclude>
    <ClInclude Include="D:\ChronoCode\chrono\src\geometry\ChCTriangle.h">
      <Filter>geometry</Filter>
    </ClInclude>
    <ClInclude Include="D:\ChronoCode\chrono\src\geometry\ChCTriangleMesh.h">
      <Filter>geometry</Filter>
    </ClInclude>
    <ClInclude Include="D:\ChronoCode\chrono\src\geometry\ChCTriangleMeshSoup.h">
      <Filter>geometry</Filter>
    </ClInclude>
    <ClInclude Include="D:\ChronoCode\chrono\src\geometry\ChCTriangleMeshConnected.h">
      <Filter>geometry</Filter>
    </ClInclude>
    <ClInclude Include="D:\ChronoCode\chrono\src\geometry\ChCRoundedBox.h">
      <Filter>geometry</Filter>
    </ClInclude>
    <ClInclude Include="D:\ChronoCode\chrono\src\geometry\ChCRoundedCylinder.h">
      <Filter>geometry</Filter>
    </ClInclude>
    <ClInclude Include="D:\ChronoCode\chrono\src\geometry\ChCRoundedCone.h">
      <Filter>geometry</Filter>
    </ClInclude>
    <ClInclude Include="D:\ChronoCode\chrono\src\assets\ChAsset.h">
      <Filter>assets</Filter>
    </ClInclude>
    <ClInclude Include="D:\ChronoCode\chrono\src\assets\ChVisualization.h">
      <Filter>assets</Filter>
    </ClInclude>
    <ClInclude Include="D:\ChronoCode\chrono\src\assets\ChObjShapeFile.h">
      <Filter>assets</Filter>
    </ClInclude>
    <ClInclude Include="D:\ChronoCode\chrono\src\assets\ChTriangleMeshShape.h">
      <Filter>assets</Filter>
    </ClInclude>
    <ClInclude Include="D:\ChronoCode\chrono\src\assets\ChSphereShape.h">
      <Filter>assets</Filter>
    </ClInclude>
    <ClInclude Include="D:\ChronoCode\chrono\src\assets\ChEllipsoidShape.h">
      <Filter>assets</Filter>
    </ClInclude>
    <ClInclude Include="D:\ChronoCode\chrono\src\assets\ChBoxShape.h">
      <Filter>assets</Filter>
    </ClInclude>
    <ClInclude Include="D:\ChronoCode\chrono\src\assets\ChConeShape.h">
      <Filter>assets</Filter>
    </ClInclude>
    <ClInclude Include="D:\ChronoCode\chrono\src\assets\ChCylinderShape.h">
      <Filter>assets</Filter>
    </ClInclude>
    <ClInclude Include="D:\ChronoCode\chrono\src\assets\ChCapsuleShape.h">
      <Filter>assets</Filter>
    </ClInclude>
    <ClInclude Include="D:\ChronoCode\chrono\src\assets\ChTexture.h">
      <Filter>assets</Filter>
    </ClInclude>
    <ClInclude Include="D:\ChronoCode\chrono\src\assets\ChCamera.h">
      <Filter>assets</Filter>
    </ClInclude>
    <ClInclude Include="D:\ChronoCode\chrono\src\assets\ChAssetLevel.h">
      <Filter>assets</Filter>
    </ClInclude>
    <ClInclude Include="D:\ChronoCode\chrono\src\assets\ChColor.h">
      <Filter>assets</Filter>
    </ClInclude>
    <ClInclude Include="D:\ChronoCode\chrono\src\assets\ChMaterial.h">
      <Filter>assets</Filter>
    </ClInclude>
    <ClInclude Include="D:\ChronoCode\chrono\src\assets\ChGlyphs.h">
      <Filter>assets</Filter>
    </ClInclude>
    <ClInclude Include="D:\ChronoCode\chrono\src\assets\ChColorAsset.h">
      <Filter>assets</Filter>
    </ClInclude>
    <ClInclude Include="D:\ChronoCode\chrono\src\assets\ChRoundedCylinderShape.h">
      <Filter>assets</Filter>
    </ClInclude>
    <ClInclude Include="D:\ChronoCode\chrono\src\assets\ChRoundedBoxShape.h">
      <Filter>assets</Filter>
    </ClInclude>
    <ClInclude Include="D:\ChronoCode\chrono\src\assets\ChRoundedConeShape.h">
      <Filter>assets</Filter>
    </ClInclude>
    <ClInclude Include="D:\ChronoCode\chrono\src\collision\edgetempest\ChCAABB.h">
      <Filter>collision\edgetempest</Filter>
    </ClInclude>
    <ClInclude Include="D:\ChronoCode\chrono\src\collision\edgetempest\ChCAABBcollider.h">
      <Filter>collision\edgetempest</Filter>
    </ClInclude>
    <ClInclude Include="D:\ChronoCode\chrono\src\collision\edgetempest\ChCAABBTree.h">
      <Filter>collision\edgetempest</Filter>
    </ClInclude>
    <ClInclude Include="D:\ChronoCode\chrono\src\collision\edgetempest\ChCAbsoluteAABB.h">
      <Filter>collision\edgetempest</Filter>
    </ClInclude>
    <ClInclude Include="D:\ChronoCode\chrono\src\collision\edgetempest\ChCBroadPhaseCollider.h">
      <Filter>collision\edgetempest</Filter>
    </ClInclude>
    <ClInclude Include="D:\ChronoCode\chrono\src\collision\edgetempest\ChCBruteForce.h">
      <Filter>collision\edgetempest</Filter>
    </ClInclude>
    <ClInclude Include="D:\ChronoCode\chrono\src\collision\edgetempest\ChCCollisionTree.h">
      <Filter>collision\edgetempest</Filter>
    </ClInclude>
    <ClInclude Include="D:\ChronoCode\chrono\src\collision\edgetempest\ChCCompile.h">
      <Filter>collision\edgetempest</Filter>
    </ClInclude>
    <ClInclude Include="D:\ChronoCode\chrono\src\collision\edgetempest\ChCGeometryCollider.h">
      <Filter>collision\edgetempest</Filter>
    </ClInclude>
    <ClInclude Include="D:\ChronoCode\chrono\src\collision\edgetempest\ChCGetTime.h">
      <Filter>collision\edgetempest</Filter>
    </ClInclude>
    <ClInclude Include="D:\ChronoCode\chrono\src\collision\edgetempest\ChCMates.h">
      <Filter>collision\edgetempest</Filter>
    </ClInclude>
    <ClInclude Include="D:\ChronoCode\chrono\src\collision\edgetempest\ChCMatVec.h">
      <Filter>collision\edgetempest</Filter>
    </ClInclude>
    <ClInclude Include="D:\ChronoCode\chrono\src\collision\edgetempest\ChCNarrowPhaseCollider.h">
      <Filter>collision\edgetempest</Filter>
    </ClInclude>
    <ClInclude Include="D:\ChronoCode\chrono\src\collision\edgetempest\ChCOBB.h">
      <Filter>collision\edgetempest</Filter>
    </ClInclude>
    <ClInclude Include="D:\ChronoCode\chrono\src\collision\edgetempest\ChCOBBcollider.h">
      <Filter>collision\edgetempest</Filter>
    </ClInclude>
    <ClInclude Include="D:\ChronoCode\chrono\src\collision\edgetempest\ChCOBBTree.h">
      <Filter>collision\edgetempest</Filter>
    </ClInclude>
    <ClInclude Include="D:\ChronoCode\chrono\src\collision\edgetempest\ChCSweepAndPrune.h">
      <Filter>collision\edgetempest</Filter>
    </ClInclude>
    <ClInclude Include="D:\ChronoCode\chrono\src\collision\convexdecomposition\JR\NvConcavityVolume.h">
      <Filter>collision\convexdecomp\JR</Filter>
    </ClInclude>
    <ClInclude Include="D:\ChronoCode\chrono\src\collision\convexdecomposition\JR\NvConvexDecomposition.h">
      <Filter>collision\convexdecomp\JR</Filter>
    </ClInclude>
    <ClInclude Include="D:\ChronoCode\chrono\src\collision\convexdecomposition\JR\NvFloatMath.h">
      <Filter>collision\convexdecomp\JR</Filter>
    </ClInclude>
    <ClInclude Include="D:\ChronoCode\chrono\src\collision\convexdecomposition\JR\NvHashMap.h">
      <Filter>collision\convexdecomp\JR</Filter>
    </ClInclude>
    <ClInclude Include="D:\ChronoCode\chrono\src\collision\convexdecomposition\JR\NvMeshIslandGeneration.h">
      <Filter>collision\convexdecomp\JR</Filter>
    </ClInclude>
    <ClInclude Include="D:\ChronoCode\chrono\src\collision\convexdecomposition\JR\NvRayCast.h">
      <Filter>collision\convexdecomp\JR</Filter>
    </ClInclude>
    <ClInclude Include="D:\ChronoCode\chrono\src\collision\convexdecomposition\JR\NvRemoveTjunctions.h">
      <Filter>collision\convexdecomp\JR</Filter>
    </ClInclude>
    <ClInclude Include="D:\ChronoCode\chrono\src\collision\convexdecomposition\JR\NvSimpleTypes.h">
      <Filter>collision\convexdecomp\JR</Filter>
    </ClInclude>
    <ClInclude Include="D:\ChronoCode\chrono\src\collision\convexdecomposition\JR\NvSplitMesh.h">
      <Filter>collision\convexdecomp\JR</Filter>
    </ClInclude>
    <ClInclude Include="D:\ChronoCode\chrono\src\collision\convexdecomposition\JR\NvStanHull.h">
      <Filter>collision\convexdecomp\JR</Filter>
    </ClInclude>
    <ClInclude Include="D:\ChronoCode\chrono\src\collision\convexdecomposition\JR\NvUserMemAlloc.h">
      <Filter>collision\convexdecomp\JR</Filter>
    </ClInclude>
    <ClInclude Include="D:\ChronoCode\chrono\src\pneumatica\assepneumatico.h">
      <Filter>pneumatica</Filter>
    </ClInclude>
    <ClInclude Include="D:\ChronoCode\chrono\src\pneumatica\pistone.h">
      <Filter>pneumatica</Filter>
    </ClInclude>
    <ClInclude Include="D:\ChronoCode\chrono\src\pneumatica\pistone_3_2.h">
      <Filter>pneumatica</Filter>
    </ClInclude>
    <ClInclude Include="D:\ChronoCode\chrono\src\pneumatica\pistone_3_2_prop.h">
      <Filter>pneumatica</Filter>
    </ClInclude>
    <ClInclude Include="D:\ChronoCode\chrono\src\pneumatica\sis_attuatore_3_2.h">
      <Filter>pneumatica</Filter>
    </ClInclude>
    <ClInclude Include="D:\ChronoCode\chrono\src\pneumatica\sis_attuatore_3_2_prop.h">
      <Filter>pneumatica</Filter>
    </ClInclude>
    <ClInclude Include="D:\ChronoCode\chrono\src\pneumatica\sistema.h">
      <Filter>pneumatica</Filter>
    </ClInclude>
    <ClInclude Include="D:\ChronoCode\chrono\src\pneumatica\ugello.h">
      <Filter>pneumatica</Filter>
    </ClInclude>
    <ClInclude Include="D:\ChronoCode\chrono\src\pneumatica\ugello_controllato.h">
      <Filter>pneumatica</Filter>
    </ClInclude>
    <ClInclude Include="D:\ChronoCode\chrono\src\pneumatica\ugello_controllato_PA.h">
      <Filter>pneumatica</Filter>
    </ClInclude>
    <ClInclude Include="D:\ChronoCode\chrono\src\pneumatica\ugello_controllato_RA.h">
      <Filter>pneumatica</Filter>
    </ClInclude>
    <ClInclude Include="D:\ChronoCode\chrono\src\pneumatica\valvola_3_2.h">
      <Filter>pneumatica</Filter>
    </ClInclude>
    <ClInclude Include="D:\ChronoCode\chrono\src\pneumatica\valvola_3_2_prop.h">
      <Filter>pneumatica</Filter>
    </ClInclude>
    <ClInclude Include="D:\ChronoCode\chrono\src\pneumatica\volume.h">
      <Filter>pneumatica</Filter>
    </ClInclude>
    <ClInclude Include="D:\ChronoCode\chrono\src\particlefactory\ChParticleEmitter.h">
      <Filter>particlefactory</Filter>
    </ClInclude>
    <ClInclude Include="D:\ChronoCode\chrono\src\particlefactory\ChRandomShapeCreator.h">
      <Filter>particlefactory</Filter>
    </ClInclude>
    <ClInclude Include="D:\ChronoCode\chrono\src\particlefactory\ChRandomParticlePosition.h">
      <Filter>particlefactory</Filter>
    </ClInclude>
    <ClInclude Include="D:\ChronoCode\chrono\src\particlefactory\ChRandomParticleAlignment.h">
      <Filter>particlefactory</Filter>
    </ClInclude>
    <ClInclude Include="D:\ChronoCode\chrono\src\particlefactory\ChRandomParticleVelocity.h">
      <Filter>particlefactory</Filter>
    </ClInclude>
    <ClInclude Include="D:\ChronoCode\chrono\src\particlefactory\ChParticleRemover.h">
      <Filter>particlefactory</Filter>
    </ClInclude>
    <ClInclude Include="D:\ChronoCode\chrono\src\particlefactory\ChParticleEventTrigger.h">
      <Filter>particlefactory</Filter>
    </ClInclude>
    <ClInclude Include="D:\ChronoCode\chrono\src\particlefactory\ChParticleProcessEvent.h">
      <Filter>particlefactory</Filter>
    </ClInclude>
    <ClInclude Include="D:\ChronoCode\chrono\src\particlefactory\ChParticleProcessor.h">
      <Filter>particlefactory</Filter>
    </ClInclude>
    <ClInclude Include="D:\ChronoCode\chrono\src\motion_functions\ChFunction_Base.h">
      <Filter>motion_functions</Filter>
    </ClInclude>
    <ClInclude Include="D:\ChronoCode\chrono\src\motion_functions\ChFunction_Const.h">
      <Filter>motion_functions</Filter>
    </ClInclude>
    <ClInclude Include="D:\ChronoCode\chrono\src\motion_functions\ChFunction_ConstAcc.h">
      <Filter>motion_functions</Filter>
    </ClInclude>
    <ClInclude Include="D:\ChronoCode\chrono\src\motion_functions\ChFunction_Derive.h">
      <Filter>motion_functions</Filter>
    </ClInclude>
    <ClInclude Include="D:\ChronoCode\chrono\src\motion_functions\ChFunction_Fillet3.h">
      <Filter>motion_functions</Filter>
    </ClInclude>
    <ClInclude Include="D:\ChronoCode\chrono\src\motion_functions\ChFunction_Integrate.h">
      <Filter>motion_functions</Filter>
    </ClInclude>
    <ClInclude Include="D:\ChronoCode\chrono\src\motion_functions\ChFunction_Matlab.h">
      <Filter>motion_functions</Filter>
    </ClInclude>
    <ClInclude Include="D:\ChronoCode\chrono\src\motion_functions\ChFunction_Mirror.h">
      <Filter>motion_functions</Filter>
    </ClInclude>
    <ClInclude Include="D:\ChronoCode\chrono\src\motion_functions\ChFunction_Mocap.h">
      <Filter>motion_functions</Filter>
    </ClInclude>
    <ClInclude Include="D:\ChronoCode\chrono\src\motion_functions\ChFunction_Noise.h">
      <Filter>motion_functions</Filter>
    </ClInclude>
    <ClInclude Include="D:\ChronoCode\chrono\src\motion_functions\ChFunction_Operation.h">
      <Filter>motion_functions</Filter>
    </ClInclude>
    <ClInclude Include="D:\ChronoCode\chrono\src\motion_functions\ChFunction_Oscilloscope.h">
      <Filter>motion_functions</Filter>
    </ClInclude>
    <ClInclude Include="D:\ChronoCode\chrono\src\motion_functions\ChFunction_Poly345.h">
      <Filter>motion_functions</Filter>
    </ClInclude>
    <ClInclude Include="D:\ChronoCode\chrono\src\motion_functions\ChFunction_Poly.h">
      <Filter>motion_functions</Filter>
    </ClInclude>
    <ClInclude Include="D:\ChronoCode\chrono\src\motion_functions\ChFunction_Ramp.h">
      <Filter>motion_functions</Filter>
    </ClInclude>
    <ClInclude Include="D:\ChronoCode\chrono\src\motion_functions\ChFunction_Recorder.h">
      <Filter>motion_functions</Filter>
    </ClInclude>
    <ClInclude Include="D:\ChronoCode\chrono\src\motion_functions\ChFunction_Repeat.h">
      <Filter>motion_functions</Filter>
    </ClInclude>
    <ClInclude Include="D:\ChronoCode\chrono\src\motion_functions\ChFunction_Sequence.h">
      <Filter>motion_functions</Filter>
    </ClInclude>
    <ClInclude Include="D:\ChronoCode\chrono\src\motion_functions\ChFunction_Sigma.h">
      <Filter>motion_functions</Filter>
    </ClInclude>
    <ClInclude Include="D:\ChronoCode\chrono\src\motion_functions\ChFunction_Sine.h">
      <Filter>motion_functions</Filter>
    </ClInclude>
    <ClInclude Include="D:\ChronoCode\chrono\src\parallel\ChOpenMP.h">
      <Filter>parallel</Filter>
    </ClInclude>
    <ClInclude Include="D:\ChronoCode\chrono\src\parallel\ChThreads.h">
      <Filter>parallel</Filter>
    </ClInclude>
    <ClInclude Include="D:\ChronoCode\chrono\src\parallel\ChThreadsFunct.h">
      <Filter>parallel</Filter>
    </ClInclude>
    <ClInclude Include="D:\ChronoCode\chrono\src\parallel\ChThreadsPOSIX.h">
      <Filter>parallel</Filter>
    </ClInclude>
    <ClInclude Include="D:\ChronoCode\chrono\src\parallel\ChThreadsSync.h">
      <Filter>parallel</Filter>
    </ClInclude>
    <ClInclude Include="D:\ChronoCode\chrono\src\parallel\ChThreadsWIN32.h">
      <Filter>parallel</Filter>
    </ClInclude>
    <ClInclude Include="D:\ChronoCode\chrono\src\irrlicht_interface\ChBodySceneNode.h">
      <Filter>irrlicht_interface</Filter>
    </ClInclude>
    <ClInclude Include="D:\ChronoCode\chrono\src\irrlicht_interface\ChBodySceneNodeTools.h">
      <Filter>irrlicht_interface</Filter>
    </ClInclude>
    <ClInclude Include="D:\ChronoCode\chrono\src\irrlicht_interface\ChDisplayTools.h">
      <Filter>irrlicht_interface</Filter>
    </ClInclude>
    <ClInclude Include="D:\ChronoCode\chrono\src\irrlicht_interface\ChIrrAppInterface.h">
      <Filter>irrlicht_interface</Filter>
    </ClInclude>
    <ClInclude Include="D:\ChronoCode\chrono\src\irrlicht_interface\ChIrrApp.h">
      <Filter>irrlicht_interface</Filter>
    </ClInclude>
    <ClInclude Include="D:\ChronoCode\chrono\src\irrlicht_interface\ChIrrCamera.h">
      <Filter>irrlicht_interface</Filter>
    </ClInclude>
    <ClInclude Include="D:\ChronoCode\chrono\src\irrlicht_interface\ChIrrMeshTools.h">
      <Filter>irrlicht_interface</Filter>
    </ClInclude>
    <ClInclude Include="D:\ChronoCode\chrono\src\irrlicht_interface\ChIrrWizard.h">
      <Filter>irrlicht_interface</Filter>
    </ClInclude>
    <ClInclude Include="D:\ChronoCode\chrono\src\irrlicht_interface\ChParticlesSceneNode.h">
      <Filter>irrlicht_interface</Filter>
    </ClInclude>
    <ClInclude Include="D:\ChronoCode\chrono\src\irrlicht_interface\ChPovTools.h">
      <Filter>irrlicht_interface</Filter>
    </ClInclude>
    <ClInclude Include="D:\ChronoCode\chrono\src\irrlicht_interface\ChIrrAssetConverter.h">
      <Filter>irrlicht_interface</Filter>
    </ClInclude>
    <ClInclude Include="D:\ChronoCode\chrono\src\irrlicht_interface\ChIrrNode.h">
      <Filter>irrlicht_interface</Filter>
    </ClInclude>
    <ClInclude Include="D:\ChronoCode\chrono\src\irrlicht_interface\ChIrrNodeProxyToAsset.h">
      <Filter>irrlicht_interface</Filter>
    </ClInclude>
    <ClInclude Include="D:\ChronoCode\chrono\src\irrlicht_interface\ChIrrNodeAsset.h">
      <Filter>irrlicht_interface</Filter>
    </ClInclude>
    <ClInclude Include="D:\ChronoCode\chrono\src\irrlicht_interface\ChIrrEffects.h">
      <Filter>irrlicht_interface</Filter>
    </ClInclude>
  </ItemGroup>
  <ItemGroup>
    <CustomBuild Include="D:\ChronoCode\chrono\src\CMakeLists.txt" />
  </ItemGroup>
  <ItemGroup>
    <Filter Include="collision\edgetempest">
      <UniqueIdentifier>{4FA7921A-2005-4FE4-A6CF-9C208378CC83}</UniqueIdentifier>
    </Filter>
    <Filter Include="collision\bullet">
      <UniqueIdentifier>{339F62E0-F948-402A-9924-29A854BD0375}</UniqueIdentifier>
    </Filter>
    <Filter Include="collision\gimpact">
      <UniqueIdentifier>{E9B249F4-684C-4F77-A457-2EB34F2E9B83}</UniqueIdentifier>
    </Filter>
    <Filter Include="collision\convexdecomp">
      <UniqueIdentifier>{C429977C-4939-443C-A490-38F838FCE2E7}</UniqueIdentifier>
    </Filter>
    <Filter Include="collision\convexdecomp\JR">
      <UniqueIdentifier>{7E85F49A-9913-4027-9D05-74F6AFEFC8E4}</UniqueIdentifier>
    </Filter>
    <Filter Include="collision\convexdecomp\HACD">
      <UniqueIdentifier>{FA31FD10-F185-429E-9DC3-04BF8E193B48}</UniqueIdentifier>
    </Filter>
    <Filter Include="collision\convexdecomp\HACDv2">
      <UniqueIdentifier>{4F73A178-2242-46EA-9B8C-D88CEB303455}</UniqueIdentifier>
    </Filter>
    <Filter Include="core">
      <UniqueIdentifier>{EDFF7633-A439-4574-A9A6-D8C7DC39EEFD}</UniqueIdentifier>
    </Filter>
    <Filter Include="physics">
      <UniqueIdentifier>{FED348A6-6AA8-45E6-B5DA-BA483A914A23}</UniqueIdentifier>
    </Filter>
    <Filter Include="geometry">
      <UniqueIdentifier>{B354D84C-3F97-4B93-B7BF-823189E8529B}</UniqueIdentifier>
    </Filter>
    <Filter Include="assets">
      <UniqueIdentifier>{5DDDFAF5-9F62-4F8E-A704-B3F3599945A8}</UniqueIdentifier>
    </Filter>
    <Filter Include="collision">
      <UniqueIdentifier>{3EC2725D-D22D-4959-B548-089036828953}</UniqueIdentifier>
    </Filter>
    <Filter Include="particlefactory">
      <UniqueIdentifier>{79A3ED1D-DDB6-446D-AA29-482D33D883BF}</UniqueIdentifier>
    </Filter>
    <Filter Include="pneumatica">
      <UniqueIdentifier>{40241513-4CEE-4370-AC1B-8EF0C402D84B}</UniqueIdentifier>
    </Filter>
    <Filter Include="motion_functions">
      <UniqueIdentifier>{545D913B-69E7-48D8-A224-D4FE59DE053D}</UniqueIdentifier>
    </Filter>
    <Filter Include="parallel">
      <UniqueIdentifier>{1B23E9F5-4CCA-4C21-83C7-AFAD445D9F1F}</UniqueIdentifier>
    </Filter>
    <Filter Include="lcp">
      <UniqueIdentifier>{0B4294F5-812E-47DC-91FF-64A53AA3D2BF}</UniqueIdentifier>
    </Filter>
    <Filter Include="irrlicht_interface">
      <UniqueIdentifier>{165C1C1C-2B0D-4811-AC81-51192EA9BBD9}</UniqueIdentifier>
    </Filter>
  </ItemGroup>
</Project>
