<?xml version="1.0" encoding="UTF-8"?>
<Project ToolsVersion="12.0" xmlns="http://schemas.microsoft.com/developer/msbuild/2003">
  <ItemGroup>
    <ClCompile Include="D:\ChronoCode\chrono\src\demos\lcp_solver\demo_LCPsolver.cpp">
      <Filter>demos\lcp_solver</Filter>
    </ClCompile>
  </ItemGroup>
  <ItemGroup>
    <CustomBuild Include="D:\ChronoCode\chrono\src\demos\lcp_solver\CMakeLists.txt" />
  </ItemGroup>
  <ItemGroup>
    <Filter Include="demos\lcp_solver">
      <UniqueIdentifier>{3F19BFC6-E0C5-4727-AF46-62759447BD54}</UniqueIdentifier>
    </Filter>
    <Filter Include="demos">
      <UniqueIdentifier>{646B1846-7010-4623-AD13-0BDB6C9ABCFB}</UniqueIdentifier>
    </Filter>
  </ItemGroup>
</Project>
